{
  "version": 4,
  "terraform_version": "1.3.7",
  "serial": 12,
  "lineage": "af5ecfaa-102c-1b8b-bdd1-0cfe91a382f9",
  "outputs": {
    "kubernetes_cluster_host": {
      "value": "35.187.85.28",
      "type": "string"
    },
    "kubernetes_cluster_name": {
      "value": "breakingbad-gke-gradjob-gke",
      "type": "string"
    },
    "location": {
      "value": "europe-west1-c",
      "type": "string"
    },
    "project_id": {
      "value": "breakingbad-gke-gradjob",
      "type": "string"
    },
    "region": {
      "value": "europe-west1",
      "type": "string"
    }
  },
  "resources": [
    {
      "mode": "managed",
      "type": "google_compute_network",
      "name": "vpc",
      "provider": "provider[\"registry.terraform.io/hashicorp/google\"]",
      "instances": [
        {
          "schema_version": 0,
          "attributes": {
            "auto_create_subnetworks": false,
            "delete_default_routes_on_create": false,
            "description": "",
            "enable_ula_internal_ipv6": false,
            "gateway_ipv4": "",
            "id": "projects/breakingbad-gke-gradjob/global/networks/breakingbad-gke-gradjob-vpc",
            "internal_ipv6_range": "",
            "mtu": 0,
            "name": "breakingbad-gke-gradjob-vpc",
            "network_firewall_policy_enforcement_order": "AFTER_CLASSIC_FIREWALL",
            "project": "breakingbad-gke-gradjob",
            "routing_mode": "REGIONAL",
            "self_link": "https://www.googleapis.com/compute/v1/projects/breakingbad-gke-gradjob/global/networks/breakingbad-gke-gradjob-vpc",
            "timeouts": null
          },
          "sensitive_attributes": [],
          "private": "eyJlMmJmYjczMC1lY2FhLTExZTYtOGY4OC0zNDM2M2JjN2M0YzAiOnsiY3JlYXRlIjoxMjAwMDAwMDAwMDAwLCJkZWxldGUiOjEyMDAwMDAwMDAwMDAsInVwZGF0ZSI6MTIwMDAwMDAwMDAwMH19"
        }
      ]
    },
    {
      "mode": "managed",
      "type": "google_compute_subnetwork",
      "name": "subnet",
      "provider": "provider[\"registry.terraform.io/hashicorp/google\"]",
      "instances": [
        {
          "schema_version": 0,
          "attributes": {
            "creation_timestamp": "2023-05-08T03:42:11.419-07:00",
            "description": "",
            "external_ipv6_prefix": "",
            "fingerprint": null,
            "gateway_address": "10.10.0.1",
            "id": "projects/breakingbad-gke-gradjob/regions/europe-west1/subnetworks/breakingbad-gke-gradjob-subnet",
            "ip_cidr_range": "10.10.0.0/24",
            "ipv6_access_type": "",
            "ipv6_cidr_range": "",
            "log_config": [],
            "name": "breakingbad-gke-gradjob-subnet",
            "network": "https://www.googleapis.com/compute/v1/projects/breakingbad-gke-gradjob/global/networks/breakingbad-gke-gradjob-vpc",
            "private_ip_google_access": true,
            "private_ipv6_google_access": "DISABLE_GOOGLE_ACCESS",
            "project": "breakingbad-gke-gradjob",
            "purpose": "PRIVATE",
            "region": "europe-west1",
            "role": "",
            "secondary_ip_range": [],
            "self_link": "https://www.googleapis.com/compute/v1/projects/breakingbad-gke-gradjob/regions/europe-west1/subnetworks/breakingbad-gke-gradjob-subnet",
            "stack_type": "IPV4_ONLY",
            "timeouts": null
          },
          "sensitive_attributes": [],
          "private": "eyJlMmJmYjczMC1lY2FhLTExZTYtOGY4OC0zNDM2M2JjN2M0YzAiOnsiY3JlYXRlIjoxMjAwMDAwMDAwMDAwLCJkZWxldGUiOjEyMDAwMDAwMDAwMDAsInVwZGF0ZSI6MTIwMDAwMDAwMDAwMH19",
          "dependencies": [
            "google_compute_network.vpc"
          ]
        }
      ]
    },
    {
      "mode": "managed",
      "type": "google_container_cluster",
      "name": "primary",
      "provider": "provider[\"registry.terraform.io/hashicorp/google\"]",
      "instances": [
        {
          "schema_version": 1,
          "attributes": {
            "addons_config": [
              {
                "cloudrun_config": [],
                "config_connector_config": [],
                "dns_cache_config": [],
                "gce_persistent_disk_csi_driver_config": [
                  {
                    "enabled": true
                  }
                ],
                "gcp_filestore_csi_driver_config": [],
                "gke_backup_agent_config": [],
                "horizontal_pod_autoscaling": [],
                "http_load_balancing": [],
                "network_policy_config": [
                  {
                    "disabled": true
                  }
                ]
              }
            ],
            "authenticator_groups_config": [],
            "binary_authorization": [
              {
                "enabled": false,
                "evaluation_mode": ""
              }
            ],
            "cluster_autoscaling": [
              {
                "auto_provisioning_defaults": [],
                "enabled": false,
                "resource_limits": []
              }
            ],
            "cluster_ipv4_cidr": "10.204.0.0/14",
            "confidential_nodes": [],
            "cost_management_config": [],
            "database_encryption": [
              {
                "key_name": "",
                "state": "DECRYPTED"
              }
            ],
            "datapath_provider": "",
            "default_max_pods_per_node": null,
            "default_snat_status": [
              {
                "disabled": false
              }
            ],
            "description": "",
            "dns_config": [],
            "enable_autopilot": false,
            "enable_binary_authorization": false,
            "enable_intranode_visibility": false,
            "enable_kubernetes_alpha": false,
            "enable_l4_ilb_subsetting": false,
            "enable_legacy_abac": false,
            "enable_shielded_nodes": true,
            "enable_tpu": false,
            "endpoint": "35.187.85.28",
            "gateway_api_config": [],
            "id": "projects/breakingbad-gke-gradjob/locations/europe-west1-c/clusters/breakingbad-gke-gradjob-gke",
            "initial_node_count": 3,
            "ip_allocation_policy": [],
            "label_fingerprint": "a9dc16a7",
            "location": "europe-west1-c",
            "logging_config": [
              {
                "enable_components": [
                  "SYSTEM_COMPONENTS",
                  "WORKLOADS"
                ]
              }
            ],
            "logging_service": "logging.googleapis.com/kubernetes",
            "maintenance_policy": [],
            "master_auth": [
              {
                "client_certificate": "",
                "client_certificate_config": [
                  {
                    "issue_client_certificate": false
                  }
                ],
                "client_key": "",
                "cluster_ca_certificate": "LS0tLS1CRUdJTiBDRVJUSUZJQ0FURS0tLS0tCk1JSUVMRENDQXBTZ0F3SUJBZ0lRVElOMFJIS1BhSGJKRDlVOW9rTzhJREFOQmdrcWhraUc5dzBCQVFzRkFEQXYKTVMwd0t3WURWUVFERXlRNFl6TTBNMlF5WlMxak16VTJMVFJrWVRBdE9EWXpOUzAzWlRZMlpHWXdPV0V4TkdNdwpJQmNOTWpNd05UQTRNRGsxTWpVd1doZ1BNakExTXpBME16QXhNRFV5TlRCYU1DOHhMVEFyQmdOVkJBTVRKRGhqCk16UXpaREpsTFdNek5UWXROR1JoTUMwNE5qTTFMVGRsTmpaa1pqQTVZVEUwWXpDQ0FhSXdEUVlKS29aSWh2Y04KQVFFQkJRQURnZ0dQQURDQ0FZb0NnZ0dCQUsrOVdyK25GT2hoVlJBc3lpUVpTU1dOYjB0MHJGNkU3OXlxV1FqcApVRFhUN0NuUTVDeTRnNXE0RUNpaGQ5WnUwaFJNRmdJQjU5SllXRHg4TTVNQ3RmbmVUV3d2N2Y3eitCWjhjc1l1CjRVQ1MyZU4rb1JlK1N0Z3o4dnFhN2NISUFjRWlNc1ZxcUZORW1YZVordEYwQnVOVmIwem56MUhJbk1raUJnZmcKSFBFako2K0NuTDBwblV1ZHJOMlRLZ2t1UXp5SnNPQmdmUWhPWFBQeWFtVWhKdGhJK1JDSk10cW44eUhMTmFlNApndmtLTWVOOGNSTCsveld1WlZmUm1MNU1UNTN1dy9tVW5vTi9HejdwdmVNZVI0cUNZM1U1aG1TdmhtZlNXZGVwCnRlRStvTytDOWNyZ0pwWHVXdGxoVFhZNTJVdWd5VCswaWxaeTZTZ3dOV2pSaHRaSys0RjFSSmc5NHhMdHI2NTIKNk5tUkp0MmU5Mm1oeTFLTUR4Nmp5MzhEMklEU0dtbS9lZnk0a3EyYzB5SXZXQjV2TTNIU1RZaENaalVncEZMYwpwQ0M2ZUtybW1TMjFKeUdtSHd6S2hjZmdtN3NEQmpqbTJLakJWRlJ5d3lsaHJxSXNPTm5KcUpBa2dySnJxYWcrCnkyQ3R2Q2lwRkYyaVFYa01wTEtTMlFacjhRSURBUUFCbzBJd1FEQU9CZ05WSFE4QkFmOEVCQU1DQWdRd0R3WUQKVlIwVEFRSC9CQVV3QXdFQi96QWRCZ05WSFE0RUZnUVVQL2FuR0VUR1pZTkVkL2hndHAyU3lyOW02cjB3RFFZSgpLb1pJaHZjTkFRRUxCUUFEZ2dHQkFGek8rTGo5U3dTbWNzaVhuUzZScHB2V042WUg1b1JDd3BmK2h5NWx3NWNCCjBrV1pGWk11RkhLMlVWY1BnWEJ3OGJUYmg2RWhWV3ZKU1hDZHl2Lzk2T1J0eTdWM0lRekV1ejRLMktRd2dTSzAKbkU5aUdnYk9STGZMSlB3RFlwdW9yWXB5YmNJWGRCSlkzVHk4eTVLSHpldUxUQm9udjF6TmpFeXloeENucmhxSQpGQ2R4dHhTcWpWRjRyeE4vL1BKNWdhdW95NGlhRHliYnFRUnptdE0yRmVOTUpLRkFhRDdTM2JZVldQY042SElQCmxwT2pCdjJ5ZFVGcStITDJXZk96TVVFVkZVcEdVNlQrdTJ6WVp2dytGZWp5NlNwc1FUS1U1OWxjNmJOZHhLVDYKTENWTTgyZGVMZ05oZXRsZ3VHREtzOE4xYitpa1VqY1dUNEZhU0twdWJvYkZGc002amxBcDdYY0ZmSXFNeGUzSwpGd3lObFhDZUtOQU16SkVBNW02cUlmaFhQcEpQd3BjS05RbllVNE0rZlQ3Ui84d3VibVUzRk9rQUJKMVBhbVF2Cm5mNUFncC9QOXZ6ZE9raDNmMmFwbVdrUkJwSXp0K1c2dVFlZWZmLy9lbWRXMVhtYzB1MENzdGowUkFWUlRnTCsKeEIwS3pPNEl4QnRkYzVMdll5bWlDQT09Ci0tLS0tRU5EIENFUlRJRklDQVRFLS0tLS0K"
              }
            ],
            "master_authorized_networks_config": [],
            "master_version": "1.25.7-gke.1000",
            "mesh_certificates": [],
            "min_master_version": null,
            "monitoring_config": [
              {
                "enable_components": [
                  "SYSTEM_COMPONENTS"
                ],
                "managed_prometheus": []
              }
            ],
            "monitoring_service": "monitoring.googleapis.com/kubernetes",
            "name": "breakingbad-gke-gradjob-gke",
            "network": "projects/breakingbad-gke-gradjob/global/networks/breakingbad-gke-gradjob-vpc",
            "network_policy": [
              {
                "enabled": false,
                "provider": "PROVIDER_UNSPECIFIED"
              }
            ],
            "networking_mode": "ROUTES",
            "node_config": [
              {
                "advanced_machine_features": [],
                "boot_disk_kms_key": "",
                "disk_size_gb": 100,
                "disk_type": "pd-balanced",
                "ephemeral_storage_local_ssd_config": [],
                "gcfs_config": [],
                "guest_accelerator": [],
                "gvnic": [],
                "image_type": "COS_CONTAINERD",
                "kubelet_config": [],
                "labels": {},
                "linux_node_config": [],
                "local_nvme_ssd_block_config": [],
                "local_ssd_count": 0,
                "logging_variant": "DEFAULT",
                "machine_type": "e2-medium",
                "metadata": {
                  "disable-legacy-endpoints": "true"
                },
                "min_cpu_platform": "",
                "node_group": "",
                "oauth_scopes": [
                  "https://www.googleapis.com/auth/devstorage.read_only",
                  "https://www.googleapis.com/auth/logging.write",
                  "https://www.googleapis.com/auth/monitoring",
                  "https://www.googleapis.com/auth/service.management.readonly",
                  "https://www.googleapis.com/auth/servicecontrol",
                  "https://www.googleapis.com/auth/trace.append"
                ],
                "preemptible": false,
                "reservation_affinity": [],
                "resource_labels": {},
                "service_account": "default",
                "shielded_instance_config": [
                  {
                    "enable_integrity_monitoring": true,
                    "enable_secure_boot": false
                  }
                ],
                "spot": false,
                "tags": [],
                "taint": [],
                "workload_metadata_config": []
              }
            ],
            "node_locations": [],
            "node_pool": [
              {
                "autoscaling": [],
                "initial_node_count": 3,
                "instance_group_urls": [
                  "https://www.googleapis.com/compute/v1/projects/breakingbad-gke-gradjob/zones/europe-west1-c/instanceGroupManagers/gke-breakingbad-gke-grad-default-pool-7e588929-grp"
                ],
                "managed_instance_group_urls": [
                  "https://www.googleapis.com/compute/v1/projects/breakingbad-gke-gradjob/zones/europe-west1-c/instanceGroups/gke-breakingbad-gke-grad-default-pool-7e588929-grp"
                ],
                "management": [
                  {
                    "auto_repair": true,
                    "auto_upgrade": true
                  }
                ],
                "max_pods_per_node": 0,
                "name": "default-pool",
                "name_prefix": "",
                "network_config": [
                  {
                    "create_pod_range": false,
                    "enable_private_nodes": false,
                    "pod_cidr_overprovision_config": [],
                    "pod_ipv4_cidr_block": "",
                    "pod_range": ""
                  }
                ],
                "node_config": [
                  {
                    "advanced_machine_features": [],
                    "boot_disk_kms_key": "",
                    "disk_size_gb": 100,
                    "disk_type": "pd-balanced",
                    "ephemeral_storage_local_ssd_config": [],
                    "gcfs_config": [],
                    "guest_accelerator": [],
                    "gvnic": [],
                    "image_type": "COS_CONTAINERD",
                    "kubelet_config": [],
                    "labels": {},
                    "linux_node_config": [],
                    "local_nvme_ssd_block_config": [],
                    "local_ssd_count": 0,
                    "logging_variant": "DEFAULT",
                    "machine_type": "e2-medium",
                    "metadata": {
                      "disable-legacy-endpoints": "true"
                    },
                    "min_cpu_platform": "",
                    "node_group": "",
                    "oauth_scopes": [
                      "https://www.googleapis.com/auth/devstorage.read_only",
                      "https://www.googleapis.com/auth/logging.write",
                      "https://www.googleapis.com/auth/monitoring",
                      "https://www.googleapis.com/auth/service.management.readonly",
                      "https://www.googleapis.com/auth/servicecontrol",
                      "https://www.googleapis.com/auth/trace.append"
                    ],
                    "preemptible": false,
                    "reservation_affinity": [],
                    "resource_labels": {},
                    "service_account": "default",
                    "shielded_instance_config": [
                      {
                        "enable_integrity_monitoring": true,
                        "enable_secure_boot": false
                      }
                    ],
                    "spot": false,
                    "tags": [],
                    "taint": [],
                    "workload_metadata_config": []
                  }
                ],
                "node_count": 0,
                "node_locations": [
                  "europe-west1-c"
                ],
                "placement_policy": [],
                "upgrade_settings": [
                  {
                    "blue_green_settings": [],
                    "max_surge": 1,
                    "max_unavailable": 0,
                    "strategy": "SURGE"
                  }
                ],
                "version": "1.25.7-gke.1000"
              }
            ],
            "node_pool_defaults": [
              {
                "node_config_defaults": [
                  {
                    "logging_variant": "DEFAULT"
                  }
                ]
              }
            ],
            "node_version": "1.25.7-gke.1000",
            "notification_config": [
              {
                "pubsub": [
                  {
                    "enabled": false,
                    "filter": [],
                    "topic": ""
                  }
                ]
              }
            ],
            "operation": "",
            "private_cluster_config": [
              {
                "enable_private_endpoint": false,
                "enable_private_nodes": false,
                "master_global_access_config": [
                  {
                    "enabled": false
                  }
                ],
                "master_ipv4_cidr_block": "",
                "peering_name": "",
                "private_endpoint": "10.10.0.2",
                "private_endpoint_subnetwork": "",
                "public_endpoint": "35.187.85.28"
              }
            ],
            "private_ipv6_google_access": "",
            "project": "breakingbad-gke-gradjob",
            "release_channel": [
              {
                "channel": "REGULAR"
              }
            ],
            "remove_default_node_pool": true,
            "resource_labels": {},
            "resource_usage_export_config": [],
            "self_link": "https://container.googleapis.com/v1/projects/breakingbad-gke-gradjob/zones/europe-west1-c/clusters/breakingbad-gke-gradjob-gke",
            "service_external_ips_config": [
              {
                "enabled": false
              }
            ],
            "services_ipv4_cidr": "10.207.240.0/20",
            "subnetwork": "projects/breakingbad-gke-gradjob/regions/europe-west1/subnetworks/breakingbad-gke-gradjob-subnet",
            "timeouts": null,
            "tpu_ipv4_cidr_block": "",
            "vertical_pod_autoscaling": [],
            "workload_identity_config": []
          },
          "sensitive_attributes": [],
          "private": "eyJlMmJmYjczMC1lY2FhLTExZTYtOGY4OC0zNDM2M2JjN2M0YzAiOnsiY3JlYXRlIjoyNDAwMDAwMDAwMDAwLCJkZWxldGUiOjI0MDAwMDAwMDAwMDAsInJlYWQiOjI0MDAwMDAwMDAwMDAsInVwZGF0ZSI6MzYwMDAwMDAwMDAwMH0sInNjaGVtYV92ZXJzaW9uIjoiMSJ9",
          "dependencies": [
            "google_compute_network.vpc",
            "google_compute_subnetwork.subnet"
          ]
        }
      ]
    },
    {
      "mode": "managed",
      "type": "google_container_node_pool",
      "name": "primary_nodes",
      "provider": "provider[\"registry.terraform.io/hashicorp/google\"]",
      "instances": [
        {
          "status": "tainted",
          "schema_version": 1,
          "attributes": {
            "autoscaling": [],
            "cluster": "breakingbad-gke-gradjob-gke",
            "id": "projects/breakingbad-gke-gradjob/locations/europe-west1-c/clusters/breakingbad-gke-gradjob-gke/nodePools/breakingbad-gke-gradjob-gke",
            "initial_node_count": null,
            "instance_group_urls": null,
            "location": "europe-west1-c",
            "managed_instance_group_urls": null,
            "management": null,
            "max_pods_per_node": null,
            "name": "breakingbad-gke-gradjob-gke",
            "name_prefix": null,
            "network_config": null,
            "node_config": [
              {
                "advanced_machine_features": [],
                "boot_disk_kms_key": "",
                "disk_size_gb": 0,
                "disk_type": "",
                "ephemeral_storage_local_ssd_config": [],
                "gcfs_config": [],
                "guest_accelerator": [],
                "gvnic": [],
                "image_type": "",
                "kubelet_config": [],
                "labels": {
                  "env": "breakingbad-gke-gradjob"
                },
                "linux_node_config": [],
                "local_nvme_ssd_block_config": [],
                "local_ssd_count": 0,
                "logging_variant": "DEFAULT",
                "machine_type": "n1-standard-1",
                "metadata": {
                  "disable-legacy-endpoints": "true"
                },
                "min_cpu_platform": "",
                "node_group": "",
                "oauth_scopes": [
                  "https://www.googleapis.com/auth/logging.write",
                  "https://www.googleapis.com/auth/monitoring"
                ],
                "preemptible": false,
                "reservation_affinity": [],
                "resource_labels": null,
                "service_account": "",
                "shielded_instance_config": [],
                "spot": false,
                "tags": [
                  "gke-node",
                  "breakingbad-gke-gradjob-gke"
                ],
                "taint": [],
                "workload_metadata_config": []
              }
            ],
            "node_count": 2,
            "node_locations": [],
            "operation": null,
            "placement_policy": [],
            "project": null,
            "timeouts": null,
            "upgrade_settings": null,
            "version": null
          },
          "sensitive_attributes": [],
          "private": "eyJlMmJmYjczMC1lY2FhLTExZTYtOGY4OC0zNDM2M2JjN2M0YzAiOnsiY3JlYXRlIjoxODAwMDAwMDAwMDAwLCJkZWxldGUiOjE4MDAwMDAwMDAwMDAsInVwZGF0ZSI6MTgwMDAwMDAwMDAwMH0sInNjaGVtYV92ZXJzaW9uIjoiMSJ9",
          "dependencies": [
            "google_container_cluster.primary"
          ]
        }
      ]
    },
    {
      "mode": "managed",
      "type": "time_sleep",
      "name": "wait_30_seconds",
      "provider": "provider[\"registry.terraform.io/hashicorp/time\"]",
      "instances": [
        {
          "schema_version": 0,
          "attributes": {
            "create_duration": "30s",
            "destroy_duration": null,
            "id": "2023-05-08T10:59:55Z",
            "triggers": null
          },
          "sensitive_attributes": [],
          "dependencies": [
            "google_container_cluster.primary"
          ]
        }
      ]
    },
    {
      "module": "module.gke_auth",
      "mode": "data",
      "type": "google_client_config",
      "name": "provider",
      "provider": "provider[\"registry.terraform.io/hashicorp/google\"]",
      "instances": [
        {
          "schema_version": 0,
          "attributes": {
            "access_token": "ya29.c.b0Aaekm1LZkCHHEss6QGKtZCHKXfvkzRyvqs9Arzs4vZV_iAwStwGIEwSAA28EEYY25J03FIsJDaie82_pOBTOQh9kHQEwTchsL-G6j65nBFqhPmSJf5rR9x70a0ZY0SQTq8P41IzbFnMbMJm3LHJlF9sWedAv0U3JUsj-_YJFK8ST4QHOF382zet-FTfkgr3Kef-K0wkSD0Lqmi-UQtR61j-kVuzugmNNCAB6ExSNTwsrTqq9JtWlEund663gyrhQyQ_xK_WOgAwmzM-cMyFST7fUgEuyOuF9IoiiRgLjWNWwJQJwWQnknpzhEjkOKYN3jKTUNvosXXIN340C77Y9cUZpFvo9bS93kz1kWbvYY1-Z-JZ1RU0eSznpB8d4kj2u0fFSRbZIF0zrIueOlSww9hpYr5maU-XRdib54I-vqj1e7RV2kq2jUtr297hXURxcVQbzQxOBnZf4amSoFiQMQeqcd0dmSO0ee5MzyxIfIa4zQtM7xWdoxSvWW-j8BgkO9cX30-7BXfcfu7WyqJig79woiq0JO9t5pS50oVk0hQhw_BI95debsFRQr1jfyaJIYzdIpaiz232ZiitJho2UmvubZt1QVc7MiRsVxb5iIaphfxno-XIQvxsw_OapYyZ17VJ8r5prQiYunzw71IOnQFRXkB_dppMXky16rntemmMF40yJ1YeI9yOY1cp0FIWh8WiB8J_JZf576vwlpBclF3la3X77Bev_ne63VJbQ-5nQFpJzpJ0negx4ec1VV6xVWungkWoU1IrUiah7Rx0RYcteuvcBgm0BFsks3rMnII5ZtqIf345ng8ka9stus8MSh7hYx6nlsilrontyYaYxpjocMt4VVoc39jy24wai0W-WI88jascu6n5_osc_8YIezFBUmpYUeB97j_mhnZ4tkfqc2SYSloF_jO31zQZOomvkznavzmYBjZ52eqaxsoMVJWJeyFOU0g1gIloZZaf7X6maFiWUwFa5ymqnm7S78MZQIYaW6o1nuII",
            "id": "projects/\"breakingbad-gke-gradjob\"/regions/\"europe-west1\"/zones/\u003cnull\u003e",
            "project": "breakingbad-gke-gradjob",
            "region": "europe-west1",
            "zone": null
          },
          "sensitive_attributes": []
        }
      ]
    },
    {
      "module": "module.gke_auth",
      "mode": "data",
      "type": "google_container_cluster",
      "name": "gke_cluster",
      "provider": "provider[\"registry.terraform.io/hashicorp/google\"]",
      "instances": [
        {
          "schema_version": 0,
          "attributes": {
            "addons_config": [
              {
                "cloudrun_config": [],
                "config_connector_config": [],
                "dns_cache_config": [],
                "gce_persistent_disk_csi_driver_config": [
                  {
                    "enabled": true
                  }
                ],
                "gcp_filestore_csi_driver_config": [],
                "gke_backup_agent_config": [],
                "horizontal_pod_autoscaling": [],
                "http_load_balancing": [],
                "network_policy_config": [
                  {
                    "disabled": true
                  }
                ]
              }
            ],
            "authenticator_groups_config": [],
            "binary_authorization": [
              {
                "enabled": false,
                "evaluation_mode": ""
              }
            ],
            "cluster_autoscaling": [
              {
                "auto_provisioning_defaults": [],
                "enabled": false,
                "resource_limits": []
              }
            ],
            "cluster_ipv4_cidr": "10.204.0.0/14",
            "confidential_nodes": [],
            "cost_management_config": [],
            "database_encryption": [
              {
                "key_name": "",
                "state": "DECRYPTED"
              }
            ],
            "datapath_provider": "",
            "default_max_pods_per_node": null,
            "default_snat_status": [
              {
                "disabled": false
              }
            ],
            "description": "",
            "dns_config": [],
            "enable_autopilot": false,
            "enable_binary_authorization": false,
            "enable_intranode_visibility": false,
            "enable_kubernetes_alpha": false,
            "enable_l4_ilb_subsetting": false,
            "enable_legacy_abac": false,
            "enable_shielded_nodes": true,
            "enable_tpu": false,
            "endpoint": "35.187.85.28",
            "gateway_api_config": [],
            "id": "projects/breakingbad-gke-gradjob/locations/europe-west1-c/clusters/breakingbad-gke-gradjob-gke",
            "initial_node_count": 3,
            "ip_allocation_policy": [],
            "label_fingerprint": "a9dc16a7",
            "location": "europe-west1-c",
            "logging_config": [
              {
                "enable_components": [
                  "SYSTEM_COMPONENTS",
                  "WORKLOADS"
                ]
              }
            ],
            "logging_service": "logging.googleapis.com/kubernetes",
            "maintenance_policy": [],
            "master_auth": [
              {
                "client_certificate": "",
                "client_certificate_config": [
                  {
                    "issue_client_certificate": false
                  }
                ],
                "client_key": "",
                "cluster_ca_certificate": "LS0tLS1CRUdJTiBDRVJUSUZJQ0FURS0tLS0tCk1JSUVMRENDQXBTZ0F3SUJBZ0lRVElOMFJIS1BhSGJKRDlVOW9rTzhJREFOQmdrcWhraUc5dzBCQVFzRkFEQXYKTVMwd0t3WURWUVFERXlRNFl6TTBNMlF5WlMxak16VTJMVFJrWVRBdE9EWXpOUzAzWlRZMlpHWXdPV0V4TkdNdwpJQmNOTWpNd05UQTRNRGsxTWpVd1doZ1BNakExTXpBME16QXhNRFV5TlRCYU1DOHhMVEFyQmdOVkJBTVRKRGhqCk16UXpaREpsTFdNek5UWXROR1JoTUMwNE5qTTFMVGRsTmpaa1pqQTVZVEUwWXpDQ0FhSXdEUVlKS29aSWh2Y04KQVFFQkJRQURnZ0dQQURDQ0FZb0NnZ0dCQUsrOVdyK25GT2hoVlJBc3lpUVpTU1dOYjB0MHJGNkU3OXlxV1FqcApVRFhUN0NuUTVDeTRnNXE0RUNpaGQ5WnUwaFJNRmdJQjU5SllXRHg4TTVNQ3RmbmVUV3d2N2Y3eitCWjhjc1l1CjRVQ1MyZU4rb1JlK1N0Z3o4dnFhN2NISUFjRWlNc1ZxcUZORW1YZVordEYwQnVOVmIwem56MUhJbk1raUJnZmcKSFBFako2K0NuTDBwblV1ZHJOMlRLZ2t1UXp5SnNPQmdmUWhPWFBQeWFtVWhKdGhJK1JDSk10cW44eUhMTmFlNApndmtLTWVOOGNSTCsveld1WlZmUm1MNU1UNTN1dy9tVW5vTi9HejdwdmVNZVI0cUNZM1U1aG1TdmhtZlNXZGVwCnRlRStvTytDOWNyZ0pwWHVXdGxoVFhZNTJVdWd5VCswaWxaeTZTZ3dOV2pSaHRaSys0RjFSSmc5NHhMdHI2NTIKNk5tUkp0MmU5Mm1oeTFLTUR4Nmp5MzhEMklEU0dtbS9lZnk0a3EyYzB5SXZXQjV2TTNIU1RZaENaalVncEZMYwpwQ0M2ZUtybW1TMjFKeUdtSHd6S2hjZmdtN3NEQmpqbTJLakJWRlJ5d3lsaHJxSXNPTm5KcUpBa2dySnJxYWcrCnkyQ3R2Q2lwRkYyaVFYa01wTEtTMlFacjhRSURBUUFCbzBJd1FEQU9CZ05WSFE4QkFmOEVCQU1DQWdRd0R3WUQKVlIwVEFRSC9CQVV3QXdFQi96QWRCZ05WSFE0RUZnUVVQL2FuR0VUR1pZTkVkL2hndHAyU3lyOW02cjB3RFFZSgpLb1pJaHZjTkFRRUxCUUFEZ2dHQkFGek8rTGo5U3dTbWNzaVhuUzZScHB2V042WUg1b1JDd3BmK2h5NWx3NWNCCjBrV1pGWk11RkhLMlVWY1BnWEJ3OGJUYmg2RWhWV3ZKU1hDZHl2Lzk2T1J0eTdWM0lRekV1ejRLMktRd2dTSzAKbkU5aUdnYk9STGZMSlB3RFlwdW9yWXB5YmNJWGRCSlkzVHk4eTVLSHpldUxUQm9udjF6TmpFeXloeENucmhxSQpGQ2R4dHhTcWpWRjRyeE4vL1BKNWdhdW95NGlhRHliYnFRUnptdE0yRmVOTUpLRkFhRDdTM2JZVldQY042SElQCmxwT2pCdjJ5ZFVGcStITDJXZk96TVVFVkZVcEdVNlQrdTJ6WVp2dytGZWp5NlNwc1FUS1U1OWxjNmJOZHhLVDYKTENWTTgyZGVMZ05oZXRsZ3VHREtzOE4xYitpa1VqY1dUNEZhU0twdWJvYkZGc002amxBcDdYY0ZmSXFNeGUzSwpGd3lObFhDZUtOQU16SkVBNW02cUlmaFhQcEpQd3BjS05RbllVNE0rZlQ3Ui84d3VibVUzRk9rQUJKMVBhbVF2Cm5mNUFncC9QOXZ6ZE9raDNmMmFwbVdrUkJwSXp0K1c2dVFlZWZmLy9lbWRXMVhtYzB1MENzdGowUkFWUlRnTCsKeEIwS3pPNEl4QnRkYzVMdll5bWlDQT09Ci0tLS0tRU5EIENFUlRJRklDQVRFLS0tLS0K"
              }
            ],
            "master_authorized_networks_config": [],
            "master_version": "1.25.7-gke.1000",
            "mesh_certificates": [],
            "min_master_version": null,
            "monitoring_config": [
              {
                "enable_components": [
                  "SYSTEM_COMPONENTS"
                ],
                "managed_prometheus": []
              }
            ],
            "monitoring_service": "monitoring.googleapis.com/kubernetes",
            "name": "breakingbad-gke-gradjob-gke",
            "network": "projects/breakingbad-gke-gradjob/global/networks/breakingbad-gke-gradjob-vpc",
            "network_policy": [
              {
                "enabled": false,
                "provider": "PROVIDER_UNSPECIFIED"
              }
            ],
            "networking_mode": "ROUTES",
            "node_config": [
              {
                "advanced_machine_features": [],
                "boot_disk_kms_key": "",
                "disk_size_gb": 100,
                "disk_type": "pd-balanced",
                "ephemeral_storage_local_ssd_config": [],
                "gcfs_config": [],
                "guest_accelerator": [],
                "gvnic": [],
                "image_type": "COS_CONTAINERD",
                "kubelet_config": [],
                "labels": {},
                "linux_node_config": [],
                "local_nvme_ssd_block_config": [],
                "local_ssd_count": 0,
                "logging_variant": "DEFAULT",
                "machine_type": "e2-medium",
                "metadata": {
                  "disable-legacy-endpoints": "true"
                },
                "min_cpu_platform": "",
                "node_group": "",
                "oauth_scopes": [
                  "https://www.googleapis.com/auth/devstorage.read_only",
                  "https://www.googleapis.com/auth/logging.write",
                  "https://www.googleapis.com/auth/monitoring",
                  "https://www.googleapis.com/auth/service.management.readonly",
                  "https://www.googleapis.com/auth/servicecontrol",
                  "https://www.googleapis.com/auth/trace.append"
                ],
                "preemptible": false,
                "reservation_affinity": [],
                "resource_labels": {},
                "service_account": "default",
                "shielded_instance_config": [
                  {
                    "enable_integrity_monitoring": true,
                    "enable_secure_boot": false
                  }
                ],
                "spot": false,
                "tags": [],
                "taint": [],
                "workload_metadata_config": []
              }
            ],
            "node_locations": [],
            "node_pool": [
              {
                "autoscaling": [],
                "initial_node_count": 3,
                "instance_group_urls": [
                  "https://www.googleapis.com/compute/v1/projects/breakingbad-gke-gradjob/zones/europe-west1-c/instanceGroupManagers/gke-breakingbad-gke-grad-default-pool-7e588929-grp"
                ],
                "managed_instance_group_urls": [
                  "https://www.googleapis.com/compute/v1/projects/breakingbad-gke-gradjob/zones/europe-west1-c/instanceGroups/gke-breakingbad-gke-grad-default-pool-7e588929-grp"
                ],
                "management": [
                  {
                    "auto_repair": true,
                    "auto_upgrade": true
                  }
                ],
                "max_pods_per_node": 0,
                "name": "default-pool",
                "name_prefix": "",
                "network_config": [
                  {
                    "create_pod_range": false,
                    "enable_private_nodes": false,
                    "pod_cidr_overprovision_config": [],
                    "pod_ipv4_cidr_block": "",
                    "pod_range": ""
                  }
                ],
                "node_config": [
                  {
                    "advanced_machine_features": [],
                    "boot_disk_kms_key": "",
                    "disk_size_gb": 100,
                    "disk_type": "pd-balanced",
                    "ephemeral_storage_local_ssd_config": [],
                    "gcfs_config": [],
                    "guest_accelerator": [],
                    "gvnic": [],
                    "image_type": "COS_CONTAINERD",
                    "kubelet_config": [],
                    "labels": {},
                    "linux_node_config": [],
                    "local_nvme_ssd_block_config": [],
                    "local_ssd_count": 0,
                    "logging_variant": "DEFAULT",
                    "machine_type": "e2-medium",
                    "metadata": {
                      "disable-legacy-endpoints": "true"
                    },
                    "min_cpu_platform": "",
                    "node_group": "",
                    "oauth_scopes": [
                      "https://www.googleapis.com/auth/devstorage.read_only",
                      "https://www.googleapis.com/auth/logging.write",
                      "https://www.googleapis.com/auth/monitoring",
                      "https://www.googleapis.com/auth/service.management.readonly",
                      "https://www.googleapis.com/auth/servicecontrol",
                      "https://www.googleapis.com/auth/trace.append"
                    ],
                    "preemptible": false,
                    "reservation_affinity": [],
                    "resource_labels": {},
                    "service_account": "default",
                    "shielded_instance_config": [
                      {
                        "enable_integrity_monitoring": true,
                        "enable_secure_boot": false
                      }
                    ],
                    "spot": false,
                    "tags": [],
                    "taint": [],
                    "workload_metadata_config": []
                  }
                ],
                "node_count": 0,
                "node_locations": [
                  "europe-west1-c"
                ],
                "placement_policy": [],
                "upgrade_settings": [
                  {
                    "blue_green_settings": [],
                    "max_surge": 1,
                    "max_unavailable": 0,
                    "strategy": "SURGE"
                  }
                ],
                "version": "1.25.7-gke.1000"
              }
            ],
            "node_pool_defaults": [
              {
                "node_config_defaults": [
                  {
                    "logging_variant": "DEFAULT"
                  }
                ]
              }
            ],
            "node_version": "1.25.7-gke.1000",
            "notification_config": [
              {
                "pubsub": [
                  {
                    "enabled": false,
                    "filter": [],
                    "topic": ""
                  }
                ]
              }
            ],
            "operation": null,
            "private_cluster_config": [
              {
                "enable_private_endpoint": false,
                "enable_private_nodes": false,
                "master_global_access_config": [
                  {
                    "enabled": false
                  }
                ],
                "master_ipv4_cidr_block": "",
                "peering_name": "",
                "private_endpoint": "10.10.0.2",
                "private_endpoint_subnetwork": "",
                "public_endpoint": "35.187.85.28"
              }
            ],
            "private_ipv6_google_access": "",
            "project": "breakingbad-gke-gradjob",
            "release_channel": [
              {
                "channel": "REGULAR"
              }
            ],
            "remove_default_node_pool": null,
            "resource_labels": {},
            "resource_usage_export_config": [],
            "self_link": "https://container.googleapis.com/v1/projects/breakingbad-gke-gradjob/zones/europe-west1-c/clusters/breakingbad-gke-gradjob-gke",
            "service_external_ips_config": [
              {
                "enabled": false
              }
            ],
            "services_ipv4_cidr": "10.207.240.0/20",
            "subnetwork": "projects/breakingbad-gke-gradjob/regions/europe-west1/subnetworks/breakingbad-gke-gradjob-subnet",
            "tpu_ipv4_cidr_block": "",
            "vertical_pod_autoscaling": [],
            "workload_identity_config": []
          },
          "sensitive_attributes": []
        }
      ]
    }
  ],
  "check_results": null
}
