{
  "version": 4,
  "terraform_version": "1.3.7",
  "serial": 37,
  "lineage": "af5ecfaa-102c-1b8b-bdd1-0cfe91a382f9",
  "outputs": {
    "kubernetes_cluster_host": {
      "value": "104.155.95.66",
      "type": "string"
    },
    "kubernetes_cluster_name": {
      "value": "breakingbad-gke-gradjob-gke",
      "type": "string"
    },
    "location": {
      "value": "europe-west1-c",
      "type": "string"
    },
    "project_id": {
      "value": "breakingbad-gke-gradjob",
      "type": "string"
    },
    "region": {
      "value": "europe-west1",
      "type": "string"
    }
  },
  "resources": [
    {
      "mode": "managed",
      "type": "google_compute_network",
      "name": "vpc",
      "provider": "provider[\"registry.terraform.io/hashicorp/google\"]",
      "instances": [
        {
          "schema_version": 0,
          "attributes": {
            "auto_create_subnetworks": false,
            "delete_default_routes_on_create": false,
            "description": "",
            "enable_ula_internal_ipv6": false,
            "gateway_ipv4": "",
            "id": "projects/breakingbad-gke-gradjob/global/networks/breakingbad-gke-gradjob-vpc",
            "internal_ipv6_range": "",
            "mtu": 0,
            "name": "breakingbad-gke-gradjob-vpc",
            "network_firewall_policy_enforcement_order": "AFTER_CLASSIC_FIREWALL",
            "project": "breakingbad-gke-gradjob",
            "routing_mode": "REGIONAL",
            "self_link": "https://www.googleapis.com/compute/v1/projects/breakingbad-gke-gradjob/global/networks/breakingbad-gke-gradjob-vpc",
            "timeouts": null
          },
          "sensitive_attributes": [],
          "private": "eyJlMmJmYjczMC1lY2FhLTExZTYtOGY4OC0zNDM2M2JjN2M0YzAiOnsiY3JlYXRlIjoxMjAwMDAwMDAwMDAwLCJkZWxldGUiOjEyMDAwMDAwMDAwMDAsInVwZGF0ZSI6MTIwMDAwMDAwMDAwMH19"
        }
      ]
    },
    {
      "mode": "managed",
      "type": "google_compute_route",
      "name": "egress_internet",
      "provider": "provider[\"registry.terraform.io/hashicorp/google\"]",
      "instances": [
        {
          "schema_version": 0,
          "attributes": {
            "description": "",
            "dest_range": "0.0.0.0/0",
            "id": "projects/breakingbad-gke-gradjob/global/routes/egress-internet",
            "name": "egress-internet",
            "network": "https://www.googleapis.com/compute/v1/projects/breakingbad-gke-gradjob/global/networks/breakingbad-gke-gradjob-vpc",
            "next_hop_gateway": "https://www.googleapis.com/compute/v1/projects/breakingbad-gke-gradjob/global/gateways/default-internet-gateway",
            "next_hop_ilb": "",
            "next_hop_instance": "",
            "next_hop_instance_zone": null,
            "next_hop_ip": "",
            "next_hop_network": "",
            "next_hop_vpn_tunnel": "",
            "priority": 1000,
            "project": "breakingbad-gke-gradjob",
            "self_link": "https://www.googleapis.com/compute/v1/projects/breakingbad-gke-gradjob/global/routes/egress-internet",
            "tags": null,
            "timeouts": null
          },
          "sensitive_attributes": [],
          "private": "eyJlMmJmYjczMC1lY2FhLTExZTYtOGY4OC0zNDM2M2JjN2M0YzAiOnsiY3JlYXRlIjoxMjAwMDAwMDAwMDAwLCJkZWxldGUiOjEyMDAwMDAwMDAwMDB9fQ==",
          "dependencies": [
            "google_compute_network.vpc"
          ]
        }
      ]
    },
    {
      "mode": "managed",
      "type": "google_compute_router",
      "name": "router",
      "provider": "provider[\"registry.terraform.io/hashicorp/google\"]",
      "instances": [
        {
          "schema_version": 0,
          "attributes": {
            "bgp": [],
            "creation_timestamp": "2023-05-15T05:56:35.407-07:00",
            "description": "",
            "encrypted_interconnect_router": false,
            "id": "projects/breakingbad-gke-gradjob/regions/europe-west1/routers/breakingbad-gke-gradjob-router",
            "name": "breakingbad-gke-gradjob-router",
            "network": "https://www.googleapis.com/compute/v1/projects/breakingbad-gke-gradjob/global/networks/breakingbad-gke-gradjob-vpc",
            "project": "breakingbad-gke-gradjob",
            "region": "europe-west1",
            "self_link": "https://www.googleapis.com/compute/v1/projects/breakingbad-gke-gradjob/regions/europe-west1/routers/breakingbad-gke-gradjob-router",
            "timeouts": null
          },
          "sensitive_attributes": [],
          "private": "eyJlMmJmYjczMC1lY2FhLTExZTYtOGY4OC0zNDM2M2JjN2M0YzAiOnsiY3JlYXRlIjoxMjAwMDAwMDAwMDAwLCJkZWxldGUiOjEyMDAwMDAwMDAwMDAsInVwZGF0ZSI6MTIwMDAwMDAwMDAwMH19",
          "dependencies": [
            "google_compute_network.vpc",
            "google_compute_subnetwork.subnet"
          ]
        }
      ]
    },
    {
      "mode": "managed",
      "type": "google_compute_router_nat",
      "name": "nat_router",
      "provider": "provider[\"registry.terraform.io/hashicorp/google\"]",
      "instances": [
        {
          "schema_version": 0,
          "attributes": {
            "drain_nat_ips": null,
            "enable_dynamic_port_allocation": false,
            "enable_endpoint_independent_mapping": true,
            "icmp_idle_timeout_sec": 30,
            "id": "breakingbad-gke-gradjob/europe-west1/breakingbad-gke-gradjob-router/breakingbad-gke-gradjob-subnet-nat-router",
            "log_config": [
              {
                "enable": true,
                "filter": "ERRORS_ONLY"
              }
            ],
            "max_ports_per_vm": 0,
            "min_ports_per_vm": 0,
            "name": "breakingbad-gke-gradjob-subnet-nat-router",
            "nat_ip_allocate_option": "AUTO_ONLY",
            "nat_ips": null,
            "project": "breakingbad-gke-gradjob",
            "region": "europe-west1",
            "router": "breakingbad-gke-gradjob-router",
            "rules": [],
            "source_subnetwork_ip_ranges_to_nat": "LIST_OF_SUBNETWORKS",
            "subnetwork": [
              {
                "name": "breakingbad-gke-gradjob-subnet",
                "secondary_ip_range_names": [],
                "source_ip_ranges_to_nat": [
                  "ALL_IP_RANGES"
                ]
              }
            ],
            "tcp_established_idle_timeout_sec": 1200,
            "tcp_time_wait_timeout_sec": 120,
            "tcp_transitory_idle_timeout_sec": 30,
            "timeouts": null,
            "udp_idle_timeout_sec": 30
          },
          "sensitive_attributes": [],
          "private": "eyJlMmJmYjczMC1lY2FhLTExZTYtOGY4OC0zNDM2M2JjN2M0YzAiOnsiY3JlYXRlIjoxMjAwMDAwMDAwMDAwLCJkZWxldGUiOjEyMDAwMDAwMDAwMDAsInVwZGF0ZSI6MTIwMDAwMDAwMDAwMH19",
          "dependencies": [
            "google_compute_network.vpc",
            "google_compute_router.router",
            "google_compute_subnetwork.subnet"
          ]
        }
      ]
    },
    {
      "mode": "managed",
      "type": "google_compute_subnetwork",
      "name": "subnet",
      "provider": "provider[\"registry.terraform.io/hashicorp/google\"]",
      "instances": [
        {
          "schema_version": 0,
          "attributes": {
            "creation_timestamp": "2023-05-08T07:01:17.666-07:00",
            "description": "",
            "external_ipv6_prefix": "",
            "fingerprint": null,
            "gateway_address": "10.10.0.1",
            "id": "projects/breakingbad-gke-gradjob/regions/europe-west1/subnetworks/breakingbad-gke-gradjob-subnet",
            "ip_cidr_range": "10.10.0.0/24",
            "ipv6_access_type": "",
            "ipv6_cidr_range": "",
            "log_config": [],
            "name": "breakingbad-gke-gradjob-subnet",
            "network": "https://www.googleapis.com/compute/v1/projects/breakingbad-gke-gradjob/global/networks/breakingbad-gke-gradjob-vpc",
            "private_ip_google_access": true,
            "private_ipv6_google_access": "DISABLE_GOOGLE_ACCESS",
            "project": "breakingbad-gke-gradjob",
            "purpose": "PRIVATE",
            "region": "europe-west1",
            "role": "",
            "secondary_ip_range": [],
            "self_link": "https://www.googleapis.com/compute/v1/projects/breakingbad-gke-gradjob/regions/europe-west1/subnetworks/breakingbad-gke-gradjob-subnet",
            "stack_type": "IPV4_ONLY",
            "timeouts": null
          },
          "sensitive_attributes": [],
          "private": "eyJlMmJmYjczMC1lY2FhLTExZTYtOGY4OC0zNDM2M2JjN2M0YzAiOnsiY3JlYXRlIjoxMjAwMDAwMDAwMDAwLCJkZWxldGUiOjEyMDAwMDAwMDAwMDAsInVwZGF0ZSI6MTIwMDAwMDAwMDAwMH19",
          "dependencies": [
            "google_compute_network.vpc"
          ]
        }
      ]
    },
    {
      "mode": "managed",
      "type": "google_container_cluster",
      "name": "primary",
      "provider": "provider[\"registry.terraform.io/hashicorp/google\"]",
      "instances": [
        {
          "schema_version": 1,
          "attributes": {
            "addons_config": [
              {
                "cloudrun_config": [],
                "config_connector_config": [],
                "dns_cache_config": [],
                "gce_persistent_disk_csi_driver_config": [
                  {
                    "enabled": true
                  }
                ],
                "gcp_filestore_csi_driver_config": [],
                "gke_backup_agent_config": [],
                "horizontal_pod_autoscaling": [],
                "http_load_balancing": [],
                "network_policy_config": [
                  {
                    "disabled": true
                  }
                ]
              }
            ],
            "authenticator_groups_config": [],
            "binary_authorization": [
              {
                "enabled": false,
                "evaluation_mode": ""
              }
            ],
            "cluster_autoscaling": [
              {
                "auto_provisioning_defaults": [],
                "enabled": false,
                "resource_limits": []
              }
            ],
            "cluster_ipv4_cidr": "10.204.0.0/14",
            "confidential_nodes": [],
            "cost_management_config": [],
            "database_encryption": [
              {
                "key_name": "",
                "state": "DECRYPTED"
              }
            ],
            "datapath_provider": "",
            "default_max_pods_per_node": null,
            "default_snat_status": [
              {
                "disabled": false
              }
            ],
            "description": "",
            "dns_config": [],
            "enable_autopilot": false,
            "enable_binary_authorization": false,
            "enable_intranode_visibility": false,
            "enable_kubernetes_alpha": false,
            "enable_l4_ilb_subsetting": false,
            "enable_legacy_abac": false,
            "enable_shielded_nodes": true,
            "enable_tpu": false,
            "endpoint": "104.155.95.66",
            "gateway_api_config": [],
            "id": "projects/breakingbad-gke-gradjob/locations/europe-west1-c/clusters/breakingbad-gke-gradjob-gke",
            "initial_node_count": 3,
            "ip_allocation_policy": [],
            "label_fingerprint": "a9dc16a7",
            "location": "europe-west1-c",
            "logging_config": [
              {
                "enable_components": [
                  "SYSTEM_COMPONENTS",
                  "WORKLOADS"
                ]
              }
            ],
            "logging_service": "logging.googleapis.com/kubernetes",
            "maintenance_policy": [],
            "master_auth": [
              {
                "client_certificate": "",
                "client_certificate_config": [
                  {
                    "issue_client_certificate": false
                  }
                ],
                "client_key": "",
                "cluster_ca_certificate": "LS0tLS1CRUdJTiBDRVJUSUZJQ0FURS0tLS0tCk1JSUVMRENDQXBTZ0F3SUJBZ0lRVVhXQzJRR1FJckpPdSt4em9TcDZrakFOQmdrcWhraUc5dzBCQVFzRkFEQXYKTVMwd0t3WURWUVFERXlSak5qTTFPRGN4TlMxbFlURmhMVFJsT0RVdFltRmpNeTB6T0dSallqTXlNMkUxTXpndwpJQmNOTWpNd05UQTRNVE13TVRNNVdoZ1BNakExTXpBME16QXhOREF4TXpsYU1DOHhMVEFyQmdOVkJBTVRKR00yCk16VTROekUxTFdWaE1XRXROR1U0TlMxaVlXTXpMVE00WkdOaU16SXpZVFV6T0RDQ0FhSXdEUVlKS29aSWh2Y04KQVFFQkJRQURnZ0dQQURDQ0FZb0NnZ0dCQUtaRlRUd3BjWlcvaUcyUEtWcVE2OHJpdFMxNytBRDhFelF5bVdLNgp5NW40VEkvc2VZNzN0aEo1RVFHYTRweTI4UFpRdXAxRUJpQ1FtbFZodmFwbjNRSDNXdDhVRitFc0tTMHR3THlqCnBQS1hWcThHenJsc0ZlSWxESHpkUTNkVDcyNzE2UEdEWFVscjZKTnZJdHgxZ3FHcWFUQkU5MlV2U0hBYllGT0oKR0VlcVJWMGUxMm42RWhZZTRCeEFZSTZiSXlBcUN2Nmw0MUtYOURaWkdhUUFNU2h3NVFtL2ZreGp5cjAwWVlENQp2aHJLcmt6NW8zS1ZzakRHaU5hNHZGbytHUTZsaytNZWRNSFBXb3hnMUZQOTcwZUlqZ1NSY0N6UkVqbElaejRjCkhJZjhhcTBuQTZERjQxRmVlN2pVWGM5V0N6NlpzYno3bkF5ejYvQ0cxL2Q3dHkyeFVrVnBiNjArWitvNGkxVnMKRTg0MkJzcFpyeWtmWHZHZ203RE9MOUNkWHFJNXBucTNScHR3TmF2bEJmeFRSV2lESWpHLzJSRkNlUjRXS0dTSApkSGN5eCtnMFJpalZMNG8rSDNMVG9iN2ZIVktJaVgzNDFraEgrL2hVWEpQMDVGTnpIS3VndHBwZC82WXcwckJPCjFpTnNDSzlQQU1WSmFScmpyaytsZUNtTTV3SURBUUFCbzBJd1FEQU9CZ05WSFE4QkFmOEVCQU1DQWdRd0R3WUQKVlIwVEFRSC9CQVV3QXdFQi96QWRCZ05WSFE0RUZnUVUrVUlRZnlSaks1WitFUXZHUUY3M2Z4b2drRlV3RFFZSgpLb1pJaHZjTkFRRUxCUUFEZ2dHQkFCVldEdDhWNUp6bkNvMVRrRlYyb2ZFL1MyeUlEZVpaa0lENnFrc244anVjCk1XMWxlNTRWOTdoUHpaT0ZGbHpPcUZ1bFdaZTlZOUNsUkU3UVlFU25jVTFML2xPZXNEQWlWMEUxWE5uTytvemIKYW11M243TjJJakxxUjdRY0FKdldGdWk2UU5maWxlcHUvd21wWWdBM2k0Tk1BWndpVlFHbDY1RTZjT1ZHL3ppZQozNzNiK0ZIb2JBWmtoRU41Ujd2NVpna1luQlZpNmkwZ2JlUWprU2U3VFFVZTc2SEJHcW1TMFVSRXc1T3FXTUNXCm5CVTVvTkhaZjZ0YzlvZ1k3M3R2OFU1cmtlbUxQRHBjeCttT1NyR2ZDUVhXL2RZeW03TTVYa0YzSTM1ZWRyNnIKV3NZUDcxQ2ttUGlPWlJ0THUyUjUwb0U3dVRmN3BPWmUwM1NlYTI3REYyZDd2cU41ZVdlNXJsdHB1YlRleTNGaApJQnhXQ2x6QUIxaURmallWOVhIVStoUStaUis4WEk4Sk5CTWxLZjl6TUQzT3YrZkFEOUJnT01EYlMwcUtGbDkwCmpEZ3FvV1g3RDlMdi9tVzNUbThlMjZnaXRkNkNPbUZHaTdrVnFaaHpHeEE5UEJwRWpVM1Ezd0VXdkpHd0dxeUsKNVV3R2RlTUNKZ0lGUzF1dmNwY1lzdz09Ci0tLS0tRU5EIENFUlRJRklDQVRFLS0tLS0K"
              }
            ],
            "master_authorized_networks_config": [],
            "master_version": "1.25.8-gke.500",
            "mesh_certificates": [],
            "min_master_version": null,
            "monitoring_config": [
              {
                "enable_components": [
                  "SYSTEM_COMPONENTS"
                ],
                "managed_prometheus": []
              }
            ],
            "monitoring_service": "monitoring.googleapis.com/kubernetes",
            "name": "breakingbad-gke-gradjob-gke",
            "network": "projects/breakingbad-gke-gradjob/global/networks/breakingbad-gke-gradjob-vpc",
            "network_policy": [
              {
                "enabled": false,
                "provider": "PROVIDER_UNSPECIFIED"
              }
            ],
            "networking_mode": "ROUTES",
            "node_config": [
              {
                "advanced_machine_features": [],
                "boot_disk_kms_key": "",
                "disk_size_gb": 100,
                "disk_type": "pd-balanced",
                "ephemeral_storage_local_ssd_config": [],
                "gcfs_config": [],
                "guest_accelerator": [],
                "gvnic": [],
                "image_type": "COS_CONTAINERD",
                "kubelet_config": [],
                "labels": {
                  "env": "breakingbad-gke-gradjob"
                },
                "linux_node_config": [],
                "local_nvme_ssd_block_config": [],
                "local_ssd_count": 0,
                "logging_variant": "DEFAULT",
                "machine_type": "n1-standard-1",
                "metadata": {
                  "disable-legacy-endpoints": "true"
                },
                "min_cpu_platform": "",
                "node_group": "",
                "oauth_scopes": [
                  "https://www.googleapis.com/auth/logging.write",
                  "https://www.googleapis.com/auth/monitoring"
                ],
                "preemptible": false,
                "reservation_affinity": [],
                "resource_labels": {},
                "service_account": "default",
                "shielded_instance_config": [
                  {
                    "enable_integrity_monitoring": true,
                    "enable_secure_boot": false
                  }
                ],
                "spot": false,
                "tags": [
                  "gke-node",
                  "breakingbad-gke-gradjob-gke"
                ],
                "taint": [],
                "workload_metadata_config": []
              }
            ],
            "node_locations": [],
            "node_pool": [
              {
                "autoscaling": [],
                "initial_node_count": 2,
                "instance_group_urls": [
                  "https://www.googleapis.com/compute/v1/projects/breakingbad-gke-gradjob/zones/europe-west1-c/instanceGroupManagers/gke-breakingbad-gke--breakingbad-gke--a6938445-grp"
                ],
                "managed_instance_group_urls": [
                  "https://www.googleapis.com/compute/v1/projects/breakingbad-gke-gradjob/zones/europe-west1-c/instanceGroups/gke-breakingbad-gke--breakingbad-gke--a6938445-grp"
                ],
                "management": [
                  {
                    "auto_repair": true,
                    "auto_upgrade": true
                  }
                ],
                "max_pods_per_node": 0,
                "name": "breakingbad-gke-gradjob-gke",
                "name_prefix": "",
                "network_config": [
                  {
                    "create_pod_range": false,
                    "enable_private_nodes": false,
                    "pod_cidr_overprovision_config": [],
                    "pod_ipv4_cidr_block": "",
                    "pod_range": ""
                  }
                ],
                "node_config": [
                  {
                    "advanced_machine_features": [],
                    "boot_disk_kms_key": "",
                    "disk_size_gb": 100,
                    "disk_type": "pd-balanced",
                    "ephemeral_storage_local_ssd_config": [],
                    "gcfs_config": [],
                    "guest_accelerator": [],
                    "gvnic": [],
                    "image_type": "COS_CONTAINERD",
                    "kubelet_config": [],
                    "labels": {
                      "env": "breakingbad-gke-gradjob"
                    },
                    "linux_node_config": [],
                    "local_nvme_ssd_block_config": [],
                    "local_ssd_count": 0,
                    "logging_variant": "DEFAULT",
                    "machine_type": "n1-standard-1",
                    "metadata": {
                      "disable-legacy-endpoints": "true"
                    },
                    "min_cpu_platform": "",
                    "node_group": "",
                    "oauth_scopes": [
                      "https://www.googleapis.com/auth/logging.write",
                      "https://www.googleapis.com/auth/monitoring"
                    ],
                    "preemptible": false,
                    "reservation_affinity": [],
                    "resource_labels": {},
                    "service_account": "default",
                    "shielded_instance_config": [
                      {
                        "enable_integrity_monitoring": true,
                        "enable_secure_boot": false
                      }
                    ],
                    "spot": false,
                    "tags": [
                      "gke-node",
                      "breakingbad-gke-gradjob-gke"
                    ],
                    "taint": [],
                    "workload_metadata_config": []
                  }
                ],
                "node_count": 2,
                "node_locations": [
                  "europe-west1-c"
                ],
                "placement_policy": [],
                "upgrade_settings": [
                  {
                    "blue_green_settings": [],
                    "max_surge": 1,
                    "max_unavailable": 0,
                    "strategy": "SURGE"
                  }
                ],
                "version": "1.25.7-gke.1000"
              }
            ],
            "node_pool_defaults": [
              {
                "node_config_defaults": [
                  {
                    "logging_variant": "DEFAULT"
                  }
                ]
              }
            ],
            "node_version": "1.25.7-gke.1000",
            "notification_config": [
              {
                "pubsub": [
                  {
                    "enabled": false,
                    "filter": [],
                    "topic": ""
                  }
                ]
              }
            ],
            "operation": null,
            "private_cluster_config": [
              {
                "enable_private_endpoint": false,
                "enable_private_nodes": false,
                "master_global_access_config": [
                  {
                    "enabled": false
                  }
                ],
                "master_ipv4_cidr_block": "",
                "peering_name": "",
                "private_endpoint": "10.10.0.2",
                "private_endpoint_subnetwork": "",
                "public_endpoint": "104.155.95.66"
              }
            ],
            "private_ipv6_google_access": "",
            "project": "breakingbad-gke-gradjob",
            "release_channel": [
              {
                "channel": "REGULAR"
              }
            ],
            "remove_default_node_pool": true,
            "resource_labels": {},
            "resource_usage_export_config": [],
            "self_link": "https://container.googleapis.com/v1/projects/breakingbad-gke-gradjob/zones/europe-west1-c/clusters/breakingbad-gke-gradjob-gke",
            "service_external_ips_config": [
              {
                "enabled": false
              }
            ],
            "services_ipv4_cidr": "10.207.240.0/20",
            "subnetwork": "projects/breakingbad-gke-gradjob/regions/europe-west1/subnetworks/breakingbad-gke-gradjob-subnet",
            "timeouts": null,
            "tpu_ipv4_cidr_block": "",
            "vertical_pod_autoscaling": [],
            "workload_identity_config": []
          },
          "sensitive_attributes": [],
          "private": "eyJlMmJmYjczMC1lY2FhLTExZTYtOGY4OC0zNDM2M2JjN2M0YzAiOnsiY3JlYXRlIjoyNDAwMDAwMDAwMDAwLCJkZWxldGUiOjI0MDAwMDAwMDAwMDAsInJlYWQiOjI0MDAwMDAwMDAwMDAsInVwZGF0ZSI6MzYwMDAwMDAwMDAwMH0sInNjaGVtYV92ZXJzaW9uIjoiMSJ9",
          "dependencies": [
            "google_compute_network.vpc",
            "google_compute_subnetwork.subnet"
          ]
        }
      ]
    },
    {
      "mode": "managed",
      "type": "google_container_node_pool",
      "name": "primary_nodes",
      "provider": "provider[\"registry.terraform.io/hashicorp/google\"]",
      "instances": [
        {
          "schema_version": 1,
          "attributes": {
            "autoscaling": [],
            "cluster": "breakingbad-gke-gradjob-gke",
            "id": "projects/breakingbad-gke-gradjob/locations/europe-west1-c/clusters/breakingbad-gke-gradjob-gke/nodePools/breakingbad-gke-gradjob-gke",
            "initial_node_count": 2,
            "instance_group_urls": [
              "https://www.googleapis.com/compute/v1/projects/breakingbad-gke-gradjob/zones/europe-west1-c/instanceGroupManagers/gke-breakingbad-gke--breakingbad-gke--a6938445-grp"
            ],
            "location": "europe-west1-c",
            "managed_instance_group_urls": [
              "https://www.googleapis.com/compute/v1/projects/breakingbad-gke-gradjob/zones/europe-west1-c/instanceGroups/gke-breakingbad-gke--breakingbad-gke--a6938445-grp"
            ],
            "management": [
              {
                "auto_repair": true,
                "auto_upgrade": true
              }
            ],
            "max_pods_per_node": null,
            "name": "breakingbad-gke-gradjob-gke",
            "name_prefix": "",
            "network_config": [
              {
                "create_pod_range": false,
                "enable_private_nodes": false,
                "pod_cidr_overprovision_config": [],
                "pod_ipv4_cidr_block": "",
                "pod_range": ""
              }
            ],
            "node_config": [
              {
                "advanced_machine_features": [],
                "boot_disk_kms_key": "",
                "disk_size_gb": 100,
                "disk_type": "pd-balanced",
                "ephemeral_storage_local_ssd_config": [],
                "gcfs_config": [],
                "guest_accelerator": [],
                "gvnic": [],
                "image_type": "COS_CONTAINERD",
                "kubelet_config": [],
                "labels": {
                  "env": "breakingbad-gke-gradjob"
                },
                "linux_node_config": [],
                "local_nvme_ssd_block_config": [],
                "local_ssd_count": 0,
                "logging_variant": "DEFAULT",
                "machine_type": "n1-standard-1",
                "metadata": {
                  "disable-legacy-endpoints": "true"
                },
                "min_cpu_platform": "",
                "node_group": "",
                "oauth_scopes": [
                  "https://www.googleapis.com/auth/logging.write",
                  "https://www.googleapis.com/auth/monitoring"
                ],
                "preemptible": false,
                "reservation_affinity": [],
                "resource_labels": {},
                "service_account": "default",
                "shielded_instance_config": [
                  {
                    "enable_integrity_monitoring": true,
                    "enable_secure_boot": false
                  }
                ],
                "spot": false,
                "tags": [
                  "gke-node",
                  "breakingbad-gke-gradjob-gke"
                ],
                "taint": [],
                "workload_metadata_config": []
              }
            ],
            "node_count": 2,
            "node_locations": [
              "europe-west1-c"
            ],
            "operation": null,
            "placement_policy": [],
            "project": "breakingbad-gke-gradjob",
            "timeouts": null,
            "upgrade_settings": [
              {
                "blue_green_settings": [],
                "max_surge": 1,
                "max_unavailable": 0,
                "strategy": "SURGE"
              }
            ],
            "version": "1.25.7-gke.1000"
          },
          "sensitive_attributes": [],
          "private": "eyJlMmJmYjczMC1lY2FhLTExZTYtOGY4OC0zNDM2M2JjN2M0YzAiOnsiY3JlYXRlIjoxODAwMDAwMDAwMDAwLCJkZWxldGUiOjE4MDAwMDAwMDAwMDAsInVwZGF0ZSI6MTgwMDAwMDAwMDAwMH0sInNjaGVtYV92ZXJzaW9uIjoiMSJ9",
          "dependencies": [
            "google_compute_network.vpc",
            "google_compute_subnetwork.subnet",
            "google_container_cluster.primary"
          ]
        }
      ]
    },
    {
      "mode": "managed",
      "type": "time_sleep",
      "name": "wait_30_seconds",
      "provider": "provider[\"registry.terraform.io/hashicorp/time\"]",
      "instances": [
        {
          "schema_version": 0,
          "attributes": {
            "create_duration": "30s",
            "destroy_duration": null,
            "id": "2023-05-08T14:10:56Z",
            "triggers": null
          },
          "sensitive_attributes": [],
          "dependencies": [
            "google_compute_network.vpc",
            "google_compute_subnetwork.subnet",
            "google_container_cluster.primary"
          ]
        }
      ]
    },
    {
      "module": "module.gke_auth",
      "mode": "data",
      "type": "google_client_config",
      "name": "provider",
      "provider": "provider[\"registry.terraform.io/hashicorp/google\"]",
      "instances": [
        {
          "schema_version": 0,
          "attributes": {
            "access_token": "ya29.c.b0Aaekm1KqfcOYagKVmzezKGh8GOrUbwELQXLlFCZx5u0HSneeJQsUpZAKqpCh2xJpoybt3igoGecm_KRXcoeUgVtwQ3fB3eTmZrtHXFdaIGc3KLtCbJCMb9m7eMmvGjwo53elO9gQA3t_0RtR4KQSY8Aw1b7zP4IoxkrhgqdTp-FPeaKlIjPpjwUBT7-P6uqNuEHjpxClxwnrJLs5463FYDLanISyb82cWNklBDnHizhjjdLtNFBqfSDEgQNtTryHQDJs6xU7W_Q1eiCWzjQRvrJOoZSIaWzcWkEQGPGOS-_QAxncXeOsdtjbmpeK0UNERUAXVQ3R0wG339DuJscrahnBgnd5zp7Miv39e2M4ZFhWj7RSY0WBFFm2ubUops62dxJzQBkzQbX3qxfhjjBpcuBld1rrSV4-t_ezey1ph8gi6ekcyuzFzZOSFO1bf6SWYcrqOgMbXr4y2qir93_67fcihbBQyUfJSFSSVl_YS-typxFpiir1BSyiVpwp1pha-nxxS8u_BvXMvtYikF-glRVVYu404siXSb20_kit70r_vjUbycb9_-Rmqyg60hVa72Jdyk_yt1YMux45e4dUQsfZF0bVuztjjn4Fs46hzpj7cS_J3bVzQbSuhXw0-c0eaRVQVQfamwcIZ42i5drl1fJkgxI4aVWd6VleIYaR_scuY6z8IgssoRZdp6S4qY4osq0Q1-p1VcmiWY0-QSzafboFvYuig951_fOO5YtVV4Skspj2llyzSs_iXu8xXsXgyrR270es2UO5lqp6mFSnyeI_7g6_XgZrwZpf4O8thJpFfkz_enzkl7M98kJy0xkOMMl1009VRhWImaqO1iVVidt0RfVJ7RWVt_u5xw6VRp8SRcFlrqJdFO60FluUMfU-sh2oxtaMr7XVums_q7gJ4Z_rSJlM8ptZ4Widl2cca1mFtBF6ioWUf1thROJwZbJ3XMn602joRo99lh4k3Is88zb4Vvz63meWj02-XUmk0oYSnhy39ooyzrj",
            "id": "projects/\"breakingbad-gke-gradjob\"/regions/\"europe-west1\"/zones/\u003cnull\u003e",
            "project": "breakingbad-gke-gradjob",
            "region": "europe-west1",
            "zone": null
          },
          "sensitive_attributes": []
        }
      ]
    },
    {
      "module": "module.gke_auth",
      "mode": "data",
      "type": "google_container_cluster",
      "name": "gke_cluster",
      "provider": "provider[\"registry.terraform.io/hashicorp/google\"]",
      "instances": [
        {
          "schema_version": 0,
          "attributes": {
            "addons_config": [
              {
                "cloudrun_config": [],
                "config_connector_config": [],
                "dns_cache_config": [],
                "gce_persistent_disk_csi_driver_config": [
                  {
                    "enabled": true
                  }
                ],
                "gcp_filestore_csi_driver_config": [],
                "gke_backup_agent_config": [],
                "horizontal_pod_autoscaling": [],
                "http_load_balancing": [],
                "network_policy_config": [
                  {
                    "disabled": true
                  }
                ]
              }
            ],
            "authenticator_groups_config": [],
            "binary_authorization": [
              {
                "enabled": false,
                "evaluation_mode": ""
              }
            ],
            "cluster_autoscaling": [
              {
                "auto_provisioning_defaults": [],
                "enabled": false,
                "resource_limits": []
              }
            ],
            "cluster_ipv4_cidr": "10.204.0.0/14",
            "confidential_nodes": [],
            "cost_management_config": [],
            "database_encryption": [
              {
                "key_name": "",
                "state": "DECRYPTED"
              }
            ],
            "datapath_provider": "",
            "default_max_pods_per_node": null,
            "default_snat_status": [
              {
                "disabled": false
              }
            ],
            "description": "",
            "dns_config": [],
            "enable_autopilot": false,
            "enable_binary_authorization": false,
            "enable_intranode_visibility": false,
            "enable_kubernetes_alpha": false,
            "enable_l4_ilb_subsetting": false,
            "enable_legacy_abac": false,
            "enable_shielded_nodes": true,
            "enable_tpu": false,
            "endpoint": "104.155.95.66",
            "gateway_api_config": [],
            "id": "projects/breakingbad-gke-gradjob/locations/europe-west1-c/clusters/breakingbad-gke-gradjob-gke",
            "initial_node_count": 3,
            "ip_allocation_policy": [],
            "label_fingerprint": "a9dc16a7",
            "location": "europe-west1-c",
            "logging_config": [
              {
                "enable_components": [
                  "SYSTEM_COMPONENTS",
                  "WORKLOADS"
                ]
              }
            ],
            "logging_service": "logging.googleapis.com/kubernetes",
            "maintenance_policy": [],
            "master_auth": [
              {
                "client_certificate": "",
                "client_certificate_config": [
                  {
                    "issue_client_certificate": false
                  }
                ],
                "client_key": "",
                "cluster_ca_certificate": "LS0tLS1CRUdJTiBDRVJUSUZJQ0FURS0tLS0tCk1JSUVMRENDQXBTZ0F3SUJBZ0lRVVhXQzJRR1FJckpPdSt4em9TcDZrakFOQmdrcWhraUc5dzBCQVFzRkFEQXYKTVMwd0t3WURWUVFERXlSak5qTTFPRGN4TlMxbFlURmhMVFJsT0RVdFltRmpNeTB6T0dSallqTXlNMkUxTXpndwpJQmNOTWpNd05UQTRNVE13TVRNNVdoZ1BNakExTXpBME16QXhOREF4TXpsYU1DOHhMVEFyQmdOVkJBTVRKR00yCk16VTROekUxTFdWaE1XRXROR1U0TlMxaVlXTXpMVE00WkdOaU16SXpZVFV6T0RDQ0FhSXdEUVlKS29aSWh2Y04KQVFFQkJRQURnZ0dQQURDQ0FZb0NnZ0dCQUtaRlRUd3BjWlcvaUcyUEtWcVE2OHJpdFMxNytBRDhFelF5bVdLNgp5NW40VEkvc2VZNzN0aEo1RVFHYTRweTI4UFpRdXAxRUJpQ1FtbFZodmFwbjNRSDNXdDhVRitFc0tTMHR3THlqCnBQS1hWcThHenJsc0ZlSWxESHpkUTNkVDcyNzE2UEdEWFVscjZKTnZJdHgxZ3FHcWFUQkU5MlV2U0hBYllGT0oKR0VlcVJWMGUxMm42RWhZZTRCeEFZSTZiSXlBcUN2Nmw0MUtYOURaWkdhUUFNU2h3NVFtL2ZreGp5cjAwWVlENQp2aHJLcmt6NW8zS1ZzakRHaU5hNHZGbytHUTZsaytNZWRNSFBXb3hnMUZQOTcwZUlqZ1NSY0N6UkVqbElaejRjCkhJZjhhcTBuQTZERjQxRmVlN2pVWGM5V0N6NlpzYno3bkF5ejYvQ0cxL2Q3dHkyeFVrVnBiNjArWitvNGkxVnMKRTg0MkJzcFpyeWtmWHZHZ203RE9MOUNkWHFJNXBucTNScHR3TmF2bEJmeFRSV2lESWpHLzJSRkNlUjRXS0dTSApkSGN5eCtnMFJpalZMNG8rSDNMVG9iN2ZIVktJaVgzNDFraEgrL2hVWEpQMDVGTnpIS3VndHBwZC82WXcwckJPCjFpTnNDSzlQQU1WSmFScmpyaytsZUNtTTV3SURBUUFCbzBJd1FEQU9CZ05WSFE4QkFmOEVCQU1DQWdRd0R3WUQKVlIwVEFRSC9CQVV3QXdFQi96QWRCZ05WSFE0RUZnUVUrVUlRZnlSaks1WitFUXZHUUY3M2Z4b2drRlV3RFFZSgpLb1pJaHZjTkFRRUxCUUFEZ2dHQkFCVldEdDhWNUp6bkNvMVRrRlYyb2ZFL1MyeUlEZVpaa0lENnFrc244anVjCk1XMWxlNTRWOTdoUHpaT0ZGbHpPcUZ1bFdaZTlZOUNsUkU3UVlFU25jVTFML2xPZXNEQWlWMEUxWE5uTytvemIKYW11M243TjJJakxxUjdRY0FKdldGdWk2UU5maWxlcHUvd21wWWdBM2k0Tk1BWndpVlFHbDY1RTZjT1ZHL3ppZQozNzNiK0ZIb2JBWmtoRU41Ujd2NVpna1luQlZpNmkwZ2JlUWprU2U3VFFVZTc2SEJHcW1TMFVSRXc1T3FXTUNXCm5CVTVvTkhaZjZ0YzlvZ1k3M3R2OFU1cmtlbUxQRHBjeCttT1NyR2ZDUVhXL2RZeW03TTVYa0YzSTM1ZWRyNnIKV3NZUDcxQ2ttUGlPWlJ0THUyUjUwb0U3dVRmN3BPWmUwM1NlYTI3REYyZDd2cU41ZVdlNXJsdHB1YlRleTNGaApJQnhXQ2x6QUIxaURmallWOVhIVStoUStaUis4WEk4Sk5CTWxLZjl6TUQzT3YrZkFEOUJnT01EYlMwcUtGbDkwCmpEZ3FvV1g3RDlMdi9tVzNUbThlMjZnaXRkNkNPbUZHaTdrVnFaaHpHeEE5UEJwRWpVM1Ezd0VXdkpHd0dxeUsKNVV3R2RlTUNKZ0lGUzF1dmNwY1lzdz09Ci0tLS0tRU5EIENFUlRJRklDQVRFLS0tLS0K"
              }
            ],
            "master_authorized_networks_config": [],
            "master_version": "1.25.8-gke.500",
            "mesh_certificates": [],
            "min_master_version": null,
            "monitoring_config": [
              {
                "enable_components": [
                  "SYSTEM_COMPONENTS"
                ],
                "managed_prometheus": []
              }
            ],
            "monitoring_service": "monitoring.googleapis.com/kubernetes",
            "name": "breakingbad-gke-gradjob-gke",
            "network": "projects/breakingbad-gke-gradjob/global/networks/breakingbad-gke-gradjob-vpc",
            "network_policy": [
              {
                "enabled": false,
                "provider": "PROVIDER_UNSPECIFIED"
              }
            ],
            "networking_mode": "ROUTES",
            "node_config": [
              {
                "advanced_machine_features": [],
                "boot_disk_kms_key": "",
                "disk_size_gb": 100,
                "disk_type": "pd-balanced",
                "ephemeral_storage_local_ssd_config": [],
                "gcfs_config": [],
                "guest_accelerator": [],
                "gvnic": [],
                "image_type": "COS_CONTAINERD",
                "kubelet_config": [],
                "labels": {
                  "env": "breakingbad-gke-gradjob"
                },
                "linux_node_config": [],
                "local_nvme_ssd_block_config": [],
                "local_ssd_count": 0,
                "logging_variant": "DEFAULT",
                "machine_type": "n1-standard-1",
                "metadata": {
                  "disable-legacy-endpoints": "true"
                },
                "min_cpu_platform": "",
                "node_group": "",
                "oauth_scopes": [
                  "https://www.googleapis.com/auth/logging.write",
                  "https://www.googleapis.com/auth/monitoring"
                ],
                "preemptible": false,
                "reservation_affinity": [],
                "resource_labels": {},
                "service_account": "default",
                "shielded_instance_config": [
                  {
                    "enable_integrity_monitoring": true,
                    "enable_secure_boot": false
                  }
                ],
                "spot": false,
                "tags": [
                  "gke-node",
                  "breakingbad-gke-gradjob-gke"
                ],
                "taint": [],
                "workload_metadata_config": []
              }
            ],
            "node_locations": [],
            "node_pool": [
              {
                "autoscaling": [],
                "initial_node_count": 2,
                "instance_group_urls": [
                  "https://www.googleapis.com/compute/v1/projects/breakingbad-gke-gradjob/zones/europe-west1-c/instanceGroupManagers/gke-breakingbad-gke--breakingbad-gke--a6938445-grp"
                ],
                "managed_instance_group_urls": [
                  "https://www.googleapis.com/compute/v1/projects/breakingbad-gke-gradjob/zones/europe-west1-c/instanceGroups/gke-breakingbad-gke--breakingbad-gke--a6938445-grp"
                ],
                "management": [
                  {
                    "auto_repair": true,
                    "auto_upgrade": true
                  }
                ],
                "max_pods_per_node": 0,
                "name": "breakingbad-gke-gradjob-gke",
                "name_prefix": "",
                "network_config": [
                  {
                    "create_pod_range": false,
                    "enable_private_nodes": false,
                    "pod_cidr_overprovision_config": [],
                    "pod_ipv4_cidr_block": "",
                    "pod_range": ""
                  }
                ],
                "node_config": [
                  {
                    "advanced_machine_features": [],
                    "boot_disk_kms_key": "",
                    "disk_size_gb": 100,
                    "disk_type": "pd-balanced",
                    "ephemeral_storage_local_ssd_config": [],
                    "gcfs_config": [],
                    "guest_accelerator": [],
                    "gvnic": [],
                    "image_type": "COS_CONTAINERD",
                    "kubelet_config": [],
                    "labels": {
                      "env": "breakingbad-gke-gradjob"
                    },
                    "linux_node_config": [],
                    "local_nvme_ssd_block_config": [],
                    "local_ssd_count": 0,
                    "logging_variant": "DEFAULT",
                    "machine_type": "n1-standard-1",
                    "metadata": {
                      "disable-legacy-endpoints": "true"
                    },
                    "min_cpu_platform": "",
                    "node_group": "",
                    "oauth_scopes": [
                      "https://www.googleapis.com/auth/logging.write",
                      "https://www.googleapis.com/auth/monitoring"
                    ],
                    "preemptible": false,
                    "reservation_affinity": [],
                    "resource_labels": {},
                    "service_account": "default",
                    "shielded_instance_config": [
                      {
                        "enable_integrity_monitoring": true,
                        "enable_secure_boot": false
                      }
                    ],
                    "spot": false,
                    "tags": [
                      "gke-node",
                      "breakingbad-gke-gradjob-gke"
                    ],
                    "taint": [],
                    "workload_metadata_config": []
                  }
                ],
                "node_count": 2,
                "node_locations": [
                  "europe-west1-c"
                ],
                "placement_policy": [],
                "upgrade_settings": [
                  {
                    "blue_green_settings": [],
                    "max_surge": 1,
                    "max_unavailable": 0,
                    "strategy": "SURGE"
                  }
                ],
                "version": "1.25.7-gke.1000"
              }
            ],
            "node_pool_defaults": [
              {
                "node_config_defaults": [
                  {
                    "logging_variant": "DEFAULT"
                  }
                ]
              }
            ],
            "node_version": "1.25.7-gke.1000",
            "notification_config": [
              {
                "pubsub": [
                  {
                    "enabled": false,
                    "filter": [],
                    "topic": ""
                  }
                ]
              }
            ],
            "operation": null,
            "private_cluster_config": [
              {
                "enable_private_endpoint": false,
                "enable_private_nodes": false,
                "master_global_access_config": [
                  {
                    "enabled": false
                  }
                ],
                "master_ipv4_cidr_block": "",
                "peering_name": "",
                "private_endpoint": "10.10.0.2",
                "private_endpoint_subnetwork": "",
                "public_endpoint": "104.155.95.66"
              }
            ],
            "private_ipv6_google_access": "",
            "project": "breakingbad-gke-gradjob",
            "release_channel": [
              {
                "channel": "REGULAR"
              }
            ],
            "remove_default_node_pool": null,
            "resource_labels": {},
            "resource_usage_export_config": [],
            "self_link": "https://container.googleapis.com/v1/projects/breakingbad-gke-gradjob/zones/europe-west1-c/clusters/breakingbad-gke-gradjob-gke",
            "service_external_ips_config": [
              {
                "enabled": false
              }
            ],
            "services_ipv4_cidr": "10.207.240.0/20",
            "subnetwork": "projects/breakingbad-gke-gradjob/regions/europe-west1/subnetworks/breakingbad-gke-gradjob-subnet",
            "tpu_ipv4_cidr_block": "",
            "vertical_pod_autoscaling": [],
            "workload_identity_config": []
          },
          "sensitive_attributes": []
        }
      ]
    }
  ],
  "check_results": null
}
