{
  "version": 4,
  "terraform_version": "1.3.7",
  "serial": 17,
  "lineage": "af5ecfaa-102c-1b8b-bdd1-0cfe91a382f9",
  "outputs": {
    "kubernetes_cluster_host": {
      "value": "34.78.5.228",
      "type": "string"
    },
    "kubernetes_cluster_name": {
      "value": "breakingbad-gke-gradjob-gke",
      "type": "string"
    },
    "location": {
      "value": "europe-west1-c",
      "type": "string"
    },
    "project_id": {
      "value": "breakingbad-gke-gradjob",
      "type": "string"
    },
    "region": {
      "value": "europe-west1",
      "type": "string"
    }
  },
  "resources": [
    {
      "mode": "managed",
      "type": "google_compute_network",
      "name": "vpc",
      "provider": "provider[\"registry.terraform.io/hashicorp/google\"]",
      "instances": [
        {
          "schema_version": 0,
          "attributes": {
            "auto_create_subnetworks": false,
            "delete_default_routes_on_create": false,
            "description": "",
            "enable_ula_internal_ipv6": false,
            "gateway_ipv4": "",
            "id": "projects/breakingbad-gke-gradjob/global/networks/breakingbad-gke-gradjob-vpc",
            "internal_ipv6_range": "",
            "mtu": 0,
            "name": "breakingbad-gke-gradjob-vpc",
            "network_firewall_policy_enforcement_order": "AFTER_CLASSIC_FIREWALL",
            "project": "breakingbad-gke-gradjob",
            "routing_mode": "REGIONAL",
            "self_link": "https://www.googleapis.com/compute/v1/projects/breakingbad-gke-gradjob/global/networks/breakingbad-gke-gradjob-vpc",
            "timeouts": null
          },
          "sensitive_attributes": [],
          "private": "eyJlMmJmYjczMC1lY2FhLTExZTYtOGY4OC0zNDM2M2JjN2M0YzAiOnsiY3JlYXRlIjoxMjAwMDAwMDAwMDAwLCJkZWxldGUiOjEyMDAwMDAwMDAwMDAsInVwZGF0ZSI6MTIwMDAwMDAwMDAwMH19"
        }
      ]
    },
    {
      "mode": "managed",
      "type": "google_compute_subnetwork",
      "name": "subnet",
      "provider": "provider[\"registry.terraform.io/hashicorp/google\"]",
      "instances": [
        {
          "schema_version": 0,
          "attributes": {
            "creation_timestamp": "2023-05-08T03:42:11.419-07:00",
            "description": "",
            "external_ipv6_prefix": "",
            "fingerprint": null,
            "gateway_address": "10.10.0.1",
            "id": "projects/breakingbad-gke-gradjob/regions/europe-west1/subnetworks/breakingbad-gke-gradjob-subnet",
            "ip_cidr_range": "10.10.0.0/24",
            "ipv6_access_type": "",
            "ipv6_cidr_range": "",
            "log_config": [],
            "name": "breakingbad-gke-gradjob-subnet",
            "network": "https://www.googleapis.com/compute/v1/projects/breakingbad-gke-gradjob/global/networks/breakingbad-gke-gradjob-vpc",
            "private_ip_google_access": true,
            "private_ipv6_google_access": "DISABLE_GOOGLE_ACCESS",
            "project": "breakingbad-gke-gradjob",
            "purpose": "PRIVATE",
            "region": "europe-west1",
            "role": "",
            "secondary_ip_range": [],
            "self_link": "https://www.googleapis.com/compute/v1/projects/breakingbad-gke-gradjob/regions/europe-west1/subnetworks/breakingbad-gke-gradjob-subnet",
            "stack_type": "IPV4_ONLY",
            "timeouts": null
          },
          "sensitive_attributes": [],
          "private": "eyJlMmJmYjczMC1lY2FhLTExZTYtOGY4OC0zNDM2M2JjN2M0YzAiOnsiY3JlYXRlIjoxMjAwMDAwMDAwMDAwLCJkZWxldGUiOjEyMDAwMDAwMDAwMDAsInVwZGF0ZSI6MTIwMDAwMDAwMDAwMH19",
          "dependencies": [
            "google_compute_network.vpc"
          ]
        }
      ]
    },
    {
      "mode": "managed",
      "type": "google_container_cluster",
      "name": "primary",
      "provider": "provider[\"registry.terraform.io/hashicorp/google\"]",
      "instances": [
        {
          "schema_version": 1,
          "attributes": {
            "addons_config": [
              {
                "cloudrun_config": [],
                "config_connector_config": [],
                "dns_cache_config": [],
                "gce_persistent_disk_csi_driver_config": [
                  {
                    "enabled": true
                  }
                ],
                "gcp_filestore_csi_driver_config": [],
                "gke_backup_agent_config": [],
                "horizontal_pod_autoscaling": [],
                "http_load_balancing": [],
                "network_policy_config": [
                  {
                    "disabled": true
                  }
                ]
              }
            ],
            "authenticator_groups_config": [],
            "binary_authorization": [
              {
                "enabled": false,
                "evaluation_mode": ""
              }
            ],
            "cluster_autoscaling": [
              {
                "auto_provisioning_defaults": [],
                "enabled": false,
                "resource_limits": []
              }
            ],
            "cluster_ipv4_cidr": "10.204.0.0/14",
            "confidential_nodes": [],
            "cost_management_config": [],
            "database_encryption": [
              {
                "key_name": "",
                "state": "DECRYPTED"
              }
            ],
            "datapath_provider": "",
            "default_max_pods_per_node": null,
            "default_snat_status": [
              {
                "disabled": false
              }
            ],
            "description": "",
            "dns_config": [],
            "enable_autopilot": false,
            "enable_binary_authorization": false,
            "enable_intranode_visibility": false,
            "enable_kubernetes_alpha": false,
            "enable_l4_ilb_subsetting": false,
            "enable_legacy_abac": false,
            "enable_shielded_nodes": true,
            "enable_tpu": false,
            "endpoint": "34.78.5.228",
            "gateway_api_config": [],
            "id": "projects/breakingbad-gke-gradjob/locations/europe-west1-c/clusters/breakingbad-gke-gradjob-gke",
            "initial_node_count": 3,
            "ip_allocation_policy": [],
            "label_fingerprint": "a9dc16a7",
            "location": "europe-west1-c",
            "logging_config": [
              {
                "enable_components": [
                  "SYSTEM_COMPONENTS",
                  "WORKLOADS"
                ]
              }
            ],
            "logging_service": "logging.googleapis.com/kubernetes",
            "maintenance_policy": [],
            "master_auth": [
              {
                "client_certificate": "",
                "client_certificate_config": [
                  {
                    "issue_client_certificate": false
                  }
                ],
                "client_key": "",
                "cluster_ca_certificate": "LS0tLS1CRUdJTiBDRVJUSUZJQ0FURS0tLS0tCk1JSUVMVENDQXBXZ0F3SUJBZ0lSQUtNdWJXbjgzUlNsRVhZanlxWTJTbVF3RFFZSktvWklodmNOQVFFTEJRQXcKTHpFdE1Dc0dBMVVFQXhNa1lURXhZalJtTUdFdFlURXpOaTAwTUdRekxUbGpZamd0Tnpjd1lXWm1NMkV3WVRNMQpNQ0FYRFRJek1EVXdPREV4TXpVeU4xb1lEekl3TlRNd05ETXdNVEl6TlRJM1dqQXZNUzB3S3dZRFZRUURFeVJoCk1URmlOR1l3WVMxaE1UTTJMVFF3WkRNdE9XTmlPQzAzTnpCaFptWXpZVEJoTXpVd2dnR2lNQTBHQ1NxR1NJYjMKRFFFQkFRVUFBNElCandBd2dnR0tBb0lCZ1FDdEdwWlNFaHBrUXY3b0xjWnZST2w3S2x0ME9OeFZFeTlaYk5PagozV3ZMZG5rZmc3WWRtLzB2UkhHVk1SSlVpU05wWkdWRXBqZERSNWxUZmRjODZ4U05lL2tGbXZqRnNCUThINXIzCkJWa2RIcFhod2xkTGlZMWhvcVhsd2s5V3daYVNXTk1pWEJOWVRYRjl4eVBjbEowN0FJTmhWOVA3TnlWVmFnNi8KU3FOWmkvMU5WMndCRzArVk44WWppc0tLeHpGaEp1Slg1ZmZTdExLM3U1eW1NZXhzczJma3NGcUxaNTN6TFpmNApsY1pkRjlYSVZGaW45S1B0SHEvWXNmMEtsWEJoWU5uV2x6WXBtTzFTdGZLQ1RCYVRxbmhuNTV6dWY2T0pscWc0CnBNam5HRWdIQ2doejBwNlJqdkZWeUpwaEU4UWNxS0E2Vy9IV1pMMjM0Z1RacFpPMWJGSmxKb3ZJTUNWdjlUb0kKSWp2TWhVNC9OQ0JNNWNSQlh1UloyYmhtRVhTcEJCQkYxSEkrY1REVlE5MTRycmRMV0VpNkZqQXZsQVNITWxhQwpGQ3BZaUNWWUQ0eXFHVklacytDcEo2N0hLSEl4WDBYbU1PemRUSXZnYjZqZ2dveFBuQXpjR250MzI1ZkdIUnB2CnBVK2h5eVNMT29QZHJXSHU5TU5xU2F4b2h6VUNBd0VBQWFOQ01FQXdEZ1lEVlIwUEFRSC9CQVFEQWdJRU1BOEcKQTFVZEV3RUIvd1FGTUFNQkFmOHdIUVlEVlIwT0JCWUVGQmxRZjJ5bHFUcmplZEgxUHgrTnRZV3FmTjVSTUEwRwpDU3FHU0liM0RRRUJDd1VBQTRJQmdRQjZSYzBqMUxQRSszbTR6eUpIWEdSYnBnaHBVTHVwem1KUzlTMWNDK0tXClpWRXAvN0VESDdXcnJ4b0ZabUk1ZWd2Z1ljRnZHVlRjQ2YwWWFuenhSSTQ5UmFlYXpQckJFZ2ZHdFJacmV1QkEKcnlXNGRhZDRSWmtzUmxraTBkQkZpYVpER3R4Q3haY05RVFBHQlpUSHpQOSsrWXVVM2FOZEdOaG90eVUzUnVlTgpkNEQ1QkFPS01yK0h1eElqclRScTROV2dMb05ONStMTUpGcThuSzY2cmNuSWVGRm1vb28zelljcW5hR2JhRmg3CmJ0eXA0VzVJMklzck9ocHoySFk2anZCU01TNjJpL2JPMWtzQ2ErTjQrcjNNK0N2YjB2QjZpRzhnRS9VZFRYRDQKZDVlTGtrbDRPMUdYNGFpTlZyanRJVkpiMDVtUktKK1JFa2t2T2lpY3NnRWYzZ1JpS0szaERjZlU5bFgwZ3hZQgpOQ3oxMXFTbnFLRG13OVNQNXBjek9qMGd3bzVGeFZmZStYbGVld0djRTI1TFd4aDQwM3NLTDNZNDRWUHhwbmxHCkdGRDJPYml4b0R5eTFQeUdMc3h1b0hGZ3U1Q2RLQm5xemZQMDJBYjM1ZXhvVzJ5VFRjZzRlQS9OeFFaTHF6V2gKblMrOUQ1em56T0U5R2l1L1QvMkdHelU9Ci0tLS0tRU5EIENFUlRJRklDQVRFLS0tLS0K"
              }
            ],
            "master_authorized_networks_config": [],
            "master_version": "1.25.7-gke.1000",
            "mesh_certificates": [],
            "min_master_version": null,
            "monitoring_config": [
              {
                "enable_components": [
                  "SYSTEM_COMPONENTS"
                ],
                "managed_prometheus": []
              }
            ],
            "monitoring_service": "monitoring.googleapis.com/kubernetes",
            "name": "breakingbad-gke-gradjob-gke",
            "network": "projects/breakingbad-gke-gradjob/global/networks/breakingbad-gke-gradjob-vpc",
            "network_policy": [
              {
                "enabled": false,
                "provider": "PROVIDER_UNSPECIFIED"
              }
            ],
            "networking_mode": "ROUTES",
            "node_config": [],
            "node_locations": [],
            "node_pool": [],
            "node_pool_defaults": [
              {
                "node_config_defaults": [
                  {
                    "logging_variant": "DEFAULT"
                  }
                ]
              }
            ],
            "node_version": "1.25.7-gke.1000",
            "notification_config": [
              {
                "pubsub": [
                  {
                    "enabled": false,
                    "filter": [],
                    "topic": ""
                  }
                ]
              }
            ],
            "operation": null,
            "private_cluster_config": [
              {
                "enable_private_endpoint": false,
                "enable_private_nodes": false,
                "master_global_access_config": [
                  {
                    "enabled": false
                  }
                ],
                "master_ipv4_cidr_block": "",
                "peering_name": "",
                "private_endpoint": "10.10.0.6",
                "private_endpoint_subnetwork": "",
                "public_endpoint": "34.78.5.228"
              }
            ],
            "private_ipv6_google_access": "",
            "project": "breakingbad-gke-gradjob",
            "release_channel": [
              {
                "channel": "REGULAR"
              }
            ],
            "remove_default_node_pool": true,
            "resource_labels": null,
            "resource_usage_export_config": [],
            "self_link": "https://container.googleapis.com/v1/projects/breakingbad-gke-gradjob/zones/europe-west1-c/clusters/breakingbad-gke-gradjob-gke",
            "service_external_ips_config": [
              {
                "enabled": false
              }
            ],
            "services_ipv4_cidr": "10.207.240.0/20",
            "subnetwork": "projects/breakingbad-gke-gradjob/regions/europe-west1/subnetworks/breakingbad-gke-gradjob-subnet",
            "timeouts": null,
            "tpu_ipv4_cidr_block": "",
            "vertical_pod_autoscaling": [],
            "workload_identity_config": []
          },
          "sensitive_attributes": [],
          "private": "eyJlMmJmYjczMC1lY2FhLTExZTYtOGY4OC0zNDM2M2JjN2M0YzAiOnsiY3JlYXRlIjoyNDAwMDAwMDAwMDAwLCJkZWxldGUiOjI0MDAwMDAwMDAwMDAsInJlYWQiOjI0MDAwMDAwMDAwMDAsInVwZGF0ZSI6MzYwMDAwMDAwMDAwMH0sInNjaGVtYV92ZXJzaW9uIjoiMSJ9",
          "dependencies": [
            "google_compute_network.vpc",
            "google_compute_subnetwork.subnet"
          ]
        }
      ]
    },
    {
      "mode": "managed",
      "type": "google_container_node_pool",
      "name": "primary_nodes",
      "provider": "provider[\"registry.terraform.io/hashicorp/google\"]",
      "instances": [
        {
          "schema_version": 1,
          "attributes": {
            "autoscaling": [],
            "cluster": "breakingbad-gke-gradjob-gke",
            "id": "projects/breakingbad-gke-gradjob/locations/europe-west1-c/clusters/breakingbad-gke-gradjob-gke/nodePools/breakingbad-gke-gradjob-gke",
            "initial_node_count": 2,
            "instance_group_urls": [
              "https://www.googleapis.com/compute/v1/projects/breakingbad-gke-gradjob/zones/europe-west1-c/instanceGroupManagers/gke-breakingbad-gke--breakingbad-gke--b384ebbd-grp"
            ],
            "location": "europe-west1-c",
            "managed_instance_group_urls": [
              "https://www.googleapis.com/compute/v1/projects/breakingbad-gke-gradjob/zones/europe-west1-c/instanceGroups/gke-breakingbad-gke--breakingbad-gke--b384ebbd-grp"
            ],
            "management": [
              {
                "auto_repair": true,
                "auto_upgrade": true
              }
            ],
            "max_pods_per_node": null,
            "name": "breakingbad-gke-gradjob-gke",
            "name_prefix": "",
            "network_config": [
              {
                "create_pod_range": false,
                "enable_private_nodes": false,
                "pod_cidr_overprovision_config": [],
                "pod_ipv4_cidr_block": "",
                "pod_range": ""
              }
            ],
            "node_config": [
              {
                "advanced_machine_features": [],
                "boot_disk_kms_key": "",
                "disk_size_gb": 100,
                "disk_type": "pd-balanced",
                "ephemeral_storage_local_ssd_config": [],
                "gcfs_config": [],
                "guest_accelerator": [],
                "gvnic": [],
                "image_type": "COS_CONTAINERD",
                "kubelet_config": [],
                "labels": {
                  "env": "breakingbad-gke-gradjob"
                },
                "linux_node_config": [],
                "local_nvme_ssd_block_config": [],
                "local_ssd_count": 0,
                "logging_variant": "DEFAULT",
                "machine_type": "n1-standard-1",
                "metadata": {
                  "disable-legacy-endpoints": "true"
                },
                "min_cpu_platform": "",
                "node_group": "",
                "oauth_scopes": [
                  "https://www.googleapis.com/auth/logging.write",
                  "https://www.googleapis.com/auth/monitoring"
                ],
                "preemptible": false,
                "reservation_affinity": [],
                "resource_labels": null,
                "service_account": "default",
                "shielded_instance_config": [
                  {
                    "enable_integrity_monitoring": true,
                    "enable_secure_boot": false
                  }
                ],
                "spot": false,
                "tags": [
                  "gke-node",
                  "breakingbad-gke-gradjob-gke"
                ],
                "taint": [],
                "workload_metadata_config": []
              }
            ],
            "node_count": 2,
            "node_locations": [
              "europe-west1-c"
            ],
            "operation": null,
            "placement_policy": [],
            "project": "breakingbad-gke-gradjob",
            "timeouts": null,
            "upgrade_settings": [
              {
                "blue_green_settings": [],
                "max_surge": 1,
                "max_unavailable": 0,
                "strategy": "SURGE"
              }
            ],
            "version": "1.25.7-gke.1000"
          },
          "sensitive_attributes": [],
          "private": "eyJlMmJmYjczMC1lY2FhLTExZTYtOGY4OC0zNDM2M2JjN2M0YzAiOnsiY3JlYXRlIjoxODAwMDAwMDAwMDAwLCJkZWxldGUiOjE4MDAwMDAwMDAwMDAsInVwZGF0ZSI6MTgwMDAwMDAwMDAwMH0sInNjaGVtYV92ZXJzaW9uIjoiMSJ9",
          "dependencies": [
            "google_compute_network.vpc",
            "google_compute_subnetwork.subnet",
            "google_container_cluster.primary"
          ]
        }
      ]
    },
    {
      "mode": "managed",
      "type": "time_sleep",
      "name": "wait_30_seconds",
      "provider": "provider[\"registry.terraform.io/hashicorp/time\"]",
      "instances": [
        {
          "schema_version": 0,
          "attributes": {
            "create_duration": "30s",
            "destroy_duration": null,
            "id": "2023-05-08T10:59:55Z",
            "triggers": null
          },
          "sensitive_attributes": [],
          "dependencies": [
            "google_compute_network.vpc",
            "google_compute_subnetwork.subnet",
            "google_container_cluster.primary"
          ]
        }
      ]
    },
    {
      "module": "module.gke_auth",
      "mode": "data",
      "type": "google_client_config",
      "name": "provider",
      "provider": "provider[\"registry.terraform.io/hashicorp/google\"]",
      "instances": [
        {
          "schema_version": 0,
          "attributes": {
            "access_token": "ya29.c.b0Aaekm1JCUVS7lCl-SXhhmgGu3rz4FR6wD8Ndm_KBdR-xT4zg6W59pjHJdXjCvgjNmJ3RD6X4Ygfxx5ZaYMUnWGoYoH1WiKpGfYZEXL1DCqv2QXQq5jD81t4Dr6HnOC4TYchzU4AZD-nvV0J7k3e98Gt4C95167kh4GKPM6PkQjvczTTey65lLwm1R8iRzcmhZUMNDGjLFq9Qoz0zTHm2P39wHiE8k4KLzqoWtdPoTIYJpEk5a1R4ZVxhEgaUqQegPcLYGlGCaJtuftimkAUbot93r9aNq7NMTeekjgEKJ1IaS9pv80A04CW0mJH34Zn0qBHuWgYEdwE339C9qz_nbrB0SQWzUIB-50UwostQS1zaVI1R1lp6dbwuMn7ox-ZchWw_j9SiVpV5W571qgteQI_yY9bj1YIaXy5iqz85rzdtQ1Qn91ySZg1e6iRj4jYz-jfJB1xpSczBo13eu9Z2fz_jMZd4F0s4UnVZeFq56IrhxhlUyJzo-B76tQ8jk7l3IW9vzukRogSwVhJ3qObroUJZeZ2a6ZsnbuBtcj2IueoyMYtutifvkS8qbY-zIv_n3JZmfQe9qFShFzpIyZs9k7Bp7g_ctzYXB9dfmVZFSg-wIRJaW9z9JtUh0oRq168I0zsF9p9IMXmk_5_pOd3ajw4Ow8w8ta8rnikZx8_jpkjqlm0cFdShe9n6jmJJpzXxaufwz2mx1uxOJ3gqav7yBwsdfX25xpi02borz2kzpSBkk1bll6fyRjIzMOn6nkQXZyakn7yOo3hiUaX6JXImlu_fzneS3lBq2hWfS2uYfBtzhxdr6wbl4eVlUrfaS4x-fadQwy51FrZpVI1cgRU4VhcBo4aaoxnUe_e5hiqh8_dfxrFdcW3BFVdIBZ-w-RfM2sxvRSc3cogQtOS96-lJI7px6yfyvFXgba1-Inm0W3o6k4657jo-VSWrJJStIonJyV09i6lOQewvY9MOYt6qzd7-s9ef40pSItJB_evxRjrMJU1syInXeWB",
            "id": "projects/\"breakingbad-gke-gradjob\"/regions/\"europe-west1\"/zones/\u003cnull\u003e",
            "project": "breakingbad-gke-gradjob",
            "region": "europe-west1",
            "zone": null
          },
          "sensitive_attributes": []
        }
      ]
    },
    {
      "module": "module.gke_auth",
      "mode": "data",
      "type": "google_container_cluster",
      "name": "gke_cluster",
      "provider": "provider[\"registry.terraform.io/hashicorp/google\"]",
      "instances": [
        {
          "schema_version": 0,
          "attributes": {
            "addons_config": [
              {
                "cloudrun_config": [],
                "config_connector_config": [],
                "dns_cache_config": [],
                "gce_persistent_disk_csi_driver_config": [
                  {
                    "enabled": true
                  }
                ],
                "gcp_filestore_csi_driver_config": [],
                "gke_backup_agent_config": [],
                "horizontal_pod_autoscaling": [],
                "http_load_balancing": [],
                "network_policy_config": [
                  {
                    "disabled": true
                  }
                ]
              }
            ],
            "authenticator_groups_config": [],
            "binary_authorization": [
              {
                "enabled": false,
                "evaluation_mode": ""
              }
            ],
            "cluster_autoscaling": [
              {
                "auto_provisioning_defaults": [],
                "enabled": false,
                "resource_limits": []
              }
            ],
            "cluster_ipv4_cidr": "10.204.0.0/14",
            "confidential_nodes": [],
            "cost_management_config": [],
            "database_encryption": [
              {
                "key_name": "",
                "state": "DECRYPTED"
              }
            ],
            "datapath_provider": "",
            "default_max_pods_per_node": null,
            "default_snat_status": [
              {
                "disabled": false
              }
            ],
            "description": "",
            "dns_config": [],
            "enable_autopilot": false,
            "enable_binary_authorization": false,
            "enable_intranode_visibility": false,
            "enable_kubernetes_alpha": false,
            "enable_l4_ilb_subsetting": false,
            "enable_legacy_abac": false,
            "enable_shielded_nodes": true,
            "enable_tpu": false,
            "endpoint": "34.78.5.228",
            "gateway_api_config": [],
            "id": "projects/breakingbad-gke-gradjob/locations/europe-west1-c/clusters/breakingbad-gke-gradjob-gke",
            "initial_node_count": 3,
            "ip_allocation_policy": [],
            "label_fingerprint": "a9dc16a7",
            "location": "europe-west1-c",
            "logging_config": [
              {
                "enable_components": [
                  "SYSTEM_COMPONENTS",
                  "WORKLOADS"
                ]
              }
            ],
            "logging_service": "logging.googleapis.com/kubernetes",
            "maintenance_policy": [],
            "master_auth": [
              {
                "client_certificate": "",
                "client_certificate_config": [
                  {
                    "issue_client_certificate": false
                  }
                ],
                "client_key": "",
                "cluster_ca_certificate": "LS0tLS1CRUdJTiBDRVJUSUZJQ0FURS0tLS0tCk1JSUVMVENDQXBXZ0F3SUJBZ0lSQUtNdWJXbjgzUlNsRVhZanlxWTJTbVF3RFFZSktvWklodmNOQVFFTEJRQXcKTHpFdE1Dc0dBMVVFQXhNa1lURXhZalJtTUdFdFlURXpOaTAwTUdRekxUbGpZamd0Tnpjd1lXWm1NMkV3WVRNMQpNQ0FYRFRJek1EVXdPREV4TXpVeU4xb1lEekl3TlRNd05ETXdNVEl6TlRJM1dqQXZNUzB3S3dZRFZRUURFeVJoCk1URmlOR1l3WVMxaE1UTTJMVFF3WkRNdE9XTmlPQzAzTnpCaFptWXpZVEJoTXpVd2dnR2lNQTBHQ1NxR1NJYjMKRFFFQkFRVUFBNElCandBd2dnR0tBb0lCZ1FDdEdwWlNFaHBrUXY3b0xjWnZST2w3S2x0ME9OeFZFeTlaYk5PagozV3ZMZG5rZmc3WWRtLzB2UkhHVk1SSlVpU05wWkdWRXBqZERSNWxUZmRjODZ4U05lL2tGbXZqRnNCUThINXIzCkJWa2RIcFhod2xkTGlZMWhvcVhsd2s5V3daYVNXTk1pWEJOWVRYRjl4eVBjbEowN0FJTmhWOVA3TnlWVmFnNi8KU3FOWmkvMU5WMndCRzArVk44WWppc0tLeHpGaEp1Slg1ZmZTdExLM3U1eW1NZXhzczJma3NGcUxaNTN6TFpmNApsY1pkRjlYSVZGaW45S1B0SHEvWXNmMEtsWEJoWU5uV2x6WXBtTzFTdGZLQ1RCYVRxbmhuNTV6dWY2T0pscWc0CnBNam5HRWdIQ2doejBwNlJqdkZWeUpwaEU4UWNxS0E2Vy9IV1pMMjM0Z1RacFpPMWJGSmxKb3ZJTUNWdjlUb0kKSWp2TWhVNC9OQ0JNNWNSQlh1UloyYmhtRVhTcEJCQkYxSEkrY1REVlE5MTRycmRMV0VpNkZqQXZsQVNITWxhQwpGQ3BZaUNWWUQ0eXFHVklacytDcEo2N0hLSEl4WDBYbU1PemRUSXZnYjZqZ2dveFBuQXpjR250MzI1ZkdIUnB2CnBVK2h5eVNMT29QZHJXSHU5TU5xU2F4b2h6VUNBd0VBQWFOQ01FQXdEZ1lEVlIwUEFRSC9CQVFEQWdJRU1BOEcKQTFVZEV3RUIvd1FGTUFNQkFmOHdIUVlEVlIwT0JCWUVGQmxRZjJ5bHFUcmplZEgxUHgrTnRZV3FmTjVSTUEwRwpDU3FHU0liM0RRRUJDd1VBQTRJQmdRQjZSYzBqMUxQRSszbTR6eUpIWEdSYnBnaHBVTHVwem1KUzlTMWNDK0tXClpWRXAvN0VESDdXcnJ4b0ZabUk1ZWd2Z1ljRnZHVlRjQ2YwWWFuenhSSTQ5UmFlYXpQckJFZ2ZHdFJacmV1QkEKcnlXNGRhZDRSWmtzUmxraTBkQkZpYVpER3R4Q3haY05RVFBHQlpUSHpQOSsrWXVVM2FOZEdOaG90eVUzUnVlTgpkNEQ1QkFPS01yK0h1eElqclRScTROV2dMb05ONStMTUpGcThuSzY2cmNuSWVGRm1vb28zelljcW5hR2JhRmg3CmJ0eXA0VzVJMklzck9ocHoySFk2anZCU01TNjJpL2JPMWtzQ2ErTjQrcjNNK0N2YjB2QjZpRzhnRS9VZFRYRDQKZDVlTGtrbDRPMUdYNGFpTlZyanRJVkpiMDVtUktKK1JFa2t2T2lpY3NnRWYzZ1JpS0szaERjZlU5bFgwZ3hZQgpOQ3oxMXFTbnFLRG13OVNQNXBjek9qMGd3bzVGeFZmZStYbGVld0djRTI1TFd4aDQwM3NLTDNZNDRWUHhwbmxHCkdGRDJPYml4b0R5eTFQeUdMc3h1b0hGZ3U1Q2RLQm5xemZQMDJBYjM1ZXhvVzJ5VFRjZzRlQS9OeFFaTHF6V2gKblMrOUQ1em56T0U5R2l1L1QvMkdHelU9Ci0tLS0tRU5EIENFUlRJRklDQVRFLS0tLS0K"
              }
            ],
            "master_authorized_networks_config": [],
            "master_version": "1.25.7-gke.1000",
            "mesh_certificates": [],
            "min_master_version": null,
            "monitoring_config": [
              {
                "enable_components": [
                  "SYSTEM_COMPONENTS"
                ],
                "managed_prometheus": []
              }
            ],
            "monitoring_service": "monitoring.googleapis.com/kubernetes",
            "name": "breakingbad-gke-gradjob-gke",
            "network": "projects/breakingbad-gke-gradjob/global/networks/breakingbad-gke-gradjob-vpc",
            "network_policy": [
              {
                "enabled": false,
                "provider": "PROVIDER_UNSPECIFIED"
              }
            ],
            "networking_mode": "ROUTES",
            "node_config": [],
            "node_locations": [],
            "node_pool": [],
            "node_pool_defaults": [
              {
                "node_config_defaults": [
                  {
                    "logging_variant": "DEFAULT"
                  }
                ]
              }
            ],
            "node_version": "1.25.7-gke.1000",
            "notification_config": [
              {
                "pubsub": [
                  {
                    "enabled": false,
                    "filter": [],
                    "topic": ""
                  }
                ]
              }
            ],
            "operation": null,
            "private_cluster_config": [
              {
                "enable_private_endpoint": false,
                "enable_private_nodes": false,
                "master_global_access_config": [
                  {
                    "enabled": false
                  }
                ],
                "master_ipv4_cidr_block": "",
                "peering_name": "",
                "private_endpoint": "10.10.0.6",
                "private_endpoint_subnetwork": "",
                "public_endpoint": "34.78.5.228"
              }
            ],
            "private_ipv6_google_access": "",
            "project": "breakingbad-gke-gradjob",
            "release_channel": [
              {
                "channel": "REGULAR"
              }
            ],
            "remove_default_node_pool": null,
            "resource_labels": {},
            "resource_usage_export_config": [],
            "self_link": "https://container.googleapis.com/v1/projects/breakingbad-gke-gradjob/zones/europe-west1-c/clusters/breakingbad-gke-gradjob-gke",
            "service_external_ips_config": [
              {
                "enabled": false
              }
            ],
            "services_ipv4_cidr": "10.207.240.0/20",
            "subnetwork": "projects/breakingbad-gke-gradjob/regions/europe-west1/subnetworks/breakingbad-gke-gradjob-subnet",
            "tpu_ipv4_cidr_block": "",
            "vertical_pod_autoscaling": [],
            "workload_identity_config": []
          },
          "sensitive_attributes": []
        }
      ]
    }
  ],
  "check_results": null
}
